
Microsoft Visual Studio Solution File, Format Version 12.00
# Visual Studio Version 17
VisualStudioVersion = 17.13.35931.197
MinimumVisualStudioVersion = 10.0.40219.1
Project("{8BC9CEB8-8B4A-11D0-8D11-00A0C91BC942}") = "ConsoleApplication3", "ConsoleApplication3\ConsoleApplication3.vcxproj", "{9FE25F0D-1E2F-4279-AD0F-49213DF58986}"
EndProject
Project("{8BC9CEB8-8B4A-11D0-8D11-00A0C91BC942}") = "proect5", "..\proect5\proect5\proect5.vcxproj", "{F91A7FC9-5837-43C7-A600-6F579622C40D}"
EndProject
Project("{8BC9CEB8-8B4A-11D0-8D11-00A0C91BC942}") = "proect2", "..\proect2\proect2\proect2.vcxproj", "{6001E335-856F-413B-ACA0-5A59FBE1B360}"
EndProject
Project("{8BC9CEB8-8B4A-11D0-8D11-00A0C91BC942}") = "proect3", "..\proect3\proect3\proect3.vcxproj", "{A76C4979-7CC6-49E8-8B22-4EE18828C6A9}"
EndProject
Project("{8BC9CEB8-8B4A-11D0-8D11-00A0C91BC942}") = "ConsoleApplication4", "..\ConsoleApplication4\ConsoleApplication4\ConsoleApplication4.vcxproj", "{5797A61B-C87B-46E5-9394-FC2B60C86865}"
EndProject
Project("{8BC9CEB8-8B4A-11D0-8D11-00A0C91BC942}") = "Project7", "Project6\Project6.vcxproj", "{9076CB21-F000-495D-9E0C-B98F65BA6F4C}"
EndProject
Project("{8BC9CEB8-8B4A-11D0-8D11-00A0C91BC942}") = "Project8", "Project7\Project7.vcxproj", "{E98CC06C-4EC6-4FF0-941F-FA5B8498A15E}"
EndProject
Project("{8BC9CEB8-8B4A-11D0-8D11-00A0C91BC942}") = "Project9", "Project8\Project8.vcxproj", "{64C2288E-71E5-402E-B007-DB13DCD5F2EF}"
EndProject
Project("{8BC9CEB8-8B4A-11D0-8D11-00A0C91BC942}") = "Project10", "Project9\Project9.vcxproj", "{5DE0D14F-6ABF-4AB0-9923-046DE4330695}"
EndProject
Project("{8BC9CEB8-8B4A-11D0-8D11-00A0C91BC942}") = "Project11", "Project10\Project10.vcxproj", "{EE29A951-97DE-4D8F-9437-7943541AFBB8}"
EndProject
Project("{8BC9CEB8-8B4A-11D0-8D11-00A0C91BC942}") = "Project12", "Project11\Project11.vcxproj", "{C8052531-CE5B-4455-B88B-FCE7F68BC626}"
EndProject
Project("{8BC9CEB8-8B4A-11D0-8D11-00A0C91BC942}") = "Project13", "Project12\Project12.vcxproj", "{87C60123-E82A-40CE-BE3B-2E310DB6B2FD}"
EndProject
Project("{8BC9CEB8-8B4A-11D0-8D11-00A0C91BC942}") = "Project14", "Project13\Project13.vcxproj", "{D88800DC-6733-4AF3-B058-D9A615418479}"
EndProject
Project("{8BC9CEB8-8B4A-11D0-8D11-00A0C91BC942}") = "Project15", "Project14\Project14.vcxproj", "{0D9D248B-2311-4DB6-9814-268C6646306F}"
EndProject
Project("{8BC9CEB8-8B4A-11D0-8D11-00A0C91BC942}") = "Project16", "Project15\Project15.vcxproj", "{F1C69556-949D-43EE-B28A-502311205762}"
EndProject
Project("{8BC9CEB8-8B4A-11D0-8D11-00A0C91BC942}") = "Project17", "Project16\Project16.vcxproj", "{C6A3C5F6-C80A-4001-984A-2A310ACD6FFB}"
EndProject
Project("{8BC9CEB8-8B4A-11D0-8D11-00A0C91BC942}") = "Project18", "Project17\Project17.vcxproj", "{18BD45DC-D120-4529-8E20-E950F36D85FD}"
EndProject
Project("{8BC9CEB8-8B4A-11D0-8D11-00A0C91BC942}") = "Project19", "Project18\Project18.vcxproj", "{4B73FC23-A426-4053-B035-CF27EE7DEACF}"
EndProject
Project("{8BC9CEB8-8B4A-11D0-8D11-00A0C91BC942}") = "Project20", "Project19\Project19.vcxproj", "{331E855F-B384-478D-9C07-293335057028}"
EndProject
Project("{8BC9CEB8-8B4A-11D0-8D11-00A0C91BC942}") = "Project21", "Project20\Project20.vcxproj", "{F3DFCC5B-8BE9-4C7B-B6D1-07CBDD458D57}"
EndProject
Project("{8BC9CEB8-8B4A-11D0-8D11-00A0C91BC942}") = "Project22", "Project21\Project21.vcxproj", "{F85052FC-4C64-4991-9990-1CB27C50845A}"
EndProject
Project("{8BC9CEB8-8B4A-11D0-8D11-00A0C91BC942}") = "Project23", "Project22\Project22.vcxproj", "{23D27200-5859-40C0-B0AE-430F14F94728}"
EndProject
Project("{8BC9CEB8-8B4A-11D0-8D11-00A0C91BC942}") = "Project58", "Project23\Project23.vcxproj", "{BD4E9D35-E8CB-4D96-B2A4-91FF68F10B61}"
EndProject
Project("{8BC9CEB8-8B4A-11D0-8D11-00A0C91BC942}") = "Project59", "Project24\Project24.vcxproj", "{FEC825E5-7FB6-40DB-AB01-E059FC6E1D54}"
EndProject
Project("{8BC9CEB8-8B4A-11D0-8D11-00A0C91BC942}") = "Project60", "Project25\Project25.vcxproj", "{C829CA2D-3F29-4CBC-8B24-25434EE06A99}"
EndProject
Project("{8BC9CEB8-8B4A-11D0-8D11-00A0C91BC942}") = "Project61", "Project26\Project26.vcxproj", "{18E7D1CD-194A-4059-96CB-CCAF0E66CD89}"
EndProject
Project("{8BC9CEB8-8B4A-11D0-8D11-00A0C91BC942}") = "Project62", "Project27\Project27.vcxproj", "{4AAEC48C-B797-4C97-B9A2-BAC59B4AAEBD}"
EndProject
Project("{8BC9CEB8-8B4A-11D0-8D11-00A0C91BC942}") = "Project63", "Project28\Project28.vcxproj", "{C07FC9B6-053C-4A23-BF68-690955415E43}"
EndProject
Project("{8BC9CEB8-8B4A-11D0-8D11-00A0C91BC942}") = "Project64", "Project29\Project29.vcxproj", "{B35919C7-5769-4BFA-B5FC-2989891C13CD}"
EndProject
Project("{8BC9CEB8-8B4A-11D0-8D11-00A0C91BC942}") = "Project65", "Project30\Project30.vcxproj", "{BAD3FFD7-3390-490D-B2BB-49AC3AEFC573}"
EndProject
Project("{8BC9CEB8-8B4A-11D0-8D11-00A0C91BC942}") = "Project80", "Project31\Project31.vcxproj", "{E95E5D29-0841-45BA-9EA6-C90B57260A14}"
EndProject
Project("{8BC9CEB8-8B4A-11D0-8D11-00A0C91BC942}") = "Project81", "Project32\Project32.vcxproj", "{39D0276B-7933-49C9-8D28-DFD1834AAF32}"
EndProject
Project("{8BC9CEB8-8B4A-11D0-8D11-00A0C91BC942}") = "Project82", "Project33\Project33.vcxproj", "{CD2526E6-3F34-4136-99A1-EC088837C713}"
EndProject
Project("{8BC9CEB8-8B4A-11D0-8D11-00A0C91BC942}") = "Project83", "Project34\Project34.vcxproj", "{CC38EA00-DB6D-41A6-821F-A51F41C8839A}"
EndProject
Project("{8BC9CEB8-8B4A-11D0-8D11-00A0C91BC942}") = "Project84", "Project35\Project35.vcxproj", "{733B0713-1DB0-4E1D-9B7C-55EF6120E3AE}"
EndProject
Project("{8BC9CEB8-8B4A-11D0-8D11-00A0C91BC942}") = "Project85", "Project85\Project85.vcxproj", "{0C45CE9B-4546-4A17-B3A7-E98E068EA7CA}"
EndProject
Project("{8BC9CEB8-8B4A-11D0-8D11-00A0C91BC942}") = "Project86", "Project86\Project86.vcxproj", "{1AC70677-E8C5-4C06-822A-9E8167B49702}"
EndProject
Project("{8BC9CEB8-8B4A-11D0-8D11-00A0C91BC942}") = "Project87", "Project87\Project87.vcxproj", "{0EF3D1EB-2810-4C56-AA9F-413BD5BC9CEC}"
EndProject
Project("{8BC9CEB8-8B4A-11D0-8D11-00A0C91BC942}") = "Project88", "Project88\Project88.vcxproj", "{02769368-1688-4931-B58B-6E704275B9DF}"
EndProject
Project("{8BC9CEB8-8B4A-11D0-8D11-00A0C91BC942}") = "Project89", "Project89\Project89.vcxproj", "{25940187-4DB7-4348-A1E6-77E4799E6212}"
EndProject
Project("{911E67C6-3D85-4FCE-B560-20A9C3E3FF48}") = "main", "..\..\..\Desktop\giper_tasks_cpp-main\79\main.exe", "{C13A3621-E17B-1EAC-F555-BA0DD4C6EE0A}"
	ProjectSection(DebuggerProjectSystem) = preProject
		PortSupplier = 00000000-0000-0000-0000-000000000000
		Executable = C:\Users\Egor\Desktop\giper_tasks_cpp-main\79\main.exe
		RemoteMachine = DESKTOP-RNF62BB
		StartingDirectory = C:\Users\Egor\Desktop\giper_tasks_cpp-main\79
		Environment = По умолчанию
		LaunchingEngine = 00000000-0000-0000-0000-000000000000
		UseLegacyDebugEngines = No
		LaunchSQLEngine = No
		AttachLaunchAction = No
		IORedirection = Auto
	EndProjectSection
EndProject
Project("{8BC9CEB8-8B4A-11D0-8D11-00A0C91BC942}") = "Project79", "Project79\Project79.vcxproj", "{8461FFEE-7426-409F-B360-DE60D8D4145B}"
EndProject
Project("{8BC9CEB8-8B4A-11D0-8D11-00A0C91BC942}") = "Project78", "Project78\Project78.vcxproj", "{A918A3F2-2C17-4645-8C19-8FE7DEAFB63E}"
EndProject
Project("{8BC9CEB8-8B4A-11D0-8D11-00A0C91BC942}") = "Project77", "Project77\Project77.vcxproj", "{0669C23E-50C3-478F-AB67-1EC1AB1DDF4C}"
EndProject
Project("{8BC9CEB8-8B4A-11D0-8D11-00A0C91BC942}") = "Project76", "Project76\Project76.vcxproj", "{EE3B21D6-A6C1-4DA8-A402-0EB7D6638B48}"
EndProject
Project("{8BC9CEB8-8B4A-11D0-8D11-00A0C91BC942}") = "Project75", "Project75\Project75.vcxproj", "{63E8A9E8-04A2-470D-B10C-8F6C51AC6F93}"
EndProject
Project("{8BC9CEB8-8B4A-11D0-8D11-00A0C91BC942}") = "Project74", "Project74\Project74.vcxproj", "{E376C54B-D9B4-4540-93B1-B7F5E1C090D8}"
EndProject
Project("{8BC9CEB8-8B4A-11D0-8D11-00A0C91BC942}") = "Project73", "Project73\Project73.vcxproj", "{691C05F6-579A-4F39-9975-F81B2CA8E7CC}"
EndProject
Project("{8BC9CEB8-8B4A-11D0-8D11-00A0C91BC942}") = "Project72", "Project72\Project72.vcxproj", "{994B936D-B40B-4E33-B77D-99FA27351134}"
EndProject
Project("{8BC9CEB8-8B4A-11D0-8D11-00A0C91BC942}") = "Project71", "Project71\Project71.vcxproj", "{DD472B0C-770E-45DD-9769-3BC0CFAB1101}"
EndProject
Project("{8BC9CEB8-8B4A-11D0-8D11-00A0C91BC942}") = "Project70", "Project70\Project70.vcxproj", "{63C75E0F-23D7-401A-BBD4-FDB52B387572}"
EndProject
Project("{8BC9CEB8-8B4A-11D0-8D11-00A0C91BC942}") = "Project69", "Project69\Project69.vcxproj", "{A441B9BA-4CF4-4D8C-BDD3-5FE795655721}"
EndProject
Project("{8BC9CEB8-8B4A-11D0-8D11-00A0C91BC942}") = "Project68", "Project68\Project68.vcxproj", "{5219F31E-87C5-4D14-91F8-12515E2F78D0}"
EndProject
Project("{8BC9CEB8-8B4A-11D0-8D11-00A0C91BC942}") = "Project67", "Project67\Project67.vcxproj", "{9EFEFF44-BB20-43C7-AE53-BBBDF950CC22}"
EndProject
Project("{8BC9CEB8-8B4A-11D0-8D11-00A0C91BC942}") = "Project66", "Project66\Project66.vcxproj", "{21CD65BB-EFCD-4B08-9E8A-068AFCF6390D}"
EndProject
Project("{8BC9CEB8-8B4A-11D0-8D11-00A0C91BC942}") = "Project6", "6\6.vcxproj", "{57F35EA9-0EB9-4511-BF48-5D4103C66A83}"
EndProject
Project("{8BC9CEB8-8B4A-11D0-8D11-00A0C91BC942}") = "24", "24\24.vcxproj", "{F93FA692-8294-42B6-8363-50E730D8CB11}"
EndProject
Project("{8BC9CEB8-8B4A-11D0-8D11-00A0C91BC942}") = "25", "25\25.vcxproj", "{EFCE45FA-379A-4BEE-90CC-C1288D124C48}"
EndProject
Project("{8BC9CEB8-8B4A-11D0-8D11-00A0C91BC942}") = "26", "26\26.vcxproj", "{8B2700E4-0D2F-4365-BEC8-1ABFB2BE0EBE}"
EndProject
Project("{8BC9CEB8-8B4A-11D0-8D11-00A0C91BC942}") = "27", "27\27.vcxproj", "{A8AF1D24-66AA-4DA8-9DDB-3117FB02C132}"
EndProject
Project("{8BC9CEB8-8B4A-11D0-8D11-00A0C91BC942}") = "28", "28\28.vcxproj", "{F7670F13-1D6C-43EF-A8AE-070FF07F1188}"
EndProject
Project("{8BC9CEB8-8B4A-11D0-8D11-00A0C91BC942}") = "29", "29\29.vcxproj", "{3BFD02C0-561E-4C73-9D6F-3498DB04EF3D}"
EndProject
Project("{8BC9CEB8-8B4A-11D0-8D11-00A0C91BC942}") = "30", "30\30.vcxproj", "{E052D780-F5BD-404D-B83F-E7CB85632C47}"
EndProject
Project("{8BC9CEB8-8B4A-11D0-8D11-00A0C91BC942}") = "31", "31\31.vcxproj", "{638F0510-7CED-49C8-8CB4-45B48B4C0B80}"
EndProject
Project("{8BC9CEB8-8B4A-11D0-8D11-00A0C91BC942}") = "32", "32\32.vcxproj", "{ABF9286F-0F25-47DA-922A-DA20CAF22252}"
EndProject
Project("{8BC9CEB8-8B4A-11D0-8D11-00A0C91BC942}") = "33", "33\33.vcxproj", "{E6C6FDB3-E219-4203-8981-291C1709E8DA}"
EndProject
Project("{8BC9CEB8-8B4A-11D0-8D11-00A0C91BC942}") = "34", "34\34.vcxproj", "{029C4FC5-75E8-4A18-A182-1BB48F1BE1DC}"
EndProject
Project("{8BC9CEB8-8B4A-11D0-8D11-00A0C91BC942}") = "35", "35\35.vcxproj", "{323CF20E-3F7F-4A32-9DB9-031504CDDA1F}"
EndProject
Project("{8BC9CEB8-8B4A-11D0-8D11-00A0C91BC942}") = "36", "36\36.vcxproj", "{0129AD65-A425-417B-9D56-DF1A6E500499}"
EndProject
Project("{8BC9CEB8-8B4A-11D0-8D11-00A0C91BC942}") = "37", "37\37.vcxproj", "{C0C2312F-3658-4710-8FCC-017A0CBB31E7}"
EndProject
Project("{8BC9CEB8-8B4A-11D0-8D11-00A0C91BC942}") = "38", "38\38.vcxproj", "{26F9BDE7-24FC-4AF0-A69F-299C9EE84120}"
EndProject
Project("{8BC9CEB8-8B4A-11D0-8D11-00A0C91BC942}") = "39", "39\39.vcxproj", "{61B7ECA2-DCDE-4CDB-B506-2CE194E31034}"
EndProject
Project("{8BC9CEB8-8B4A-11D0-8D11-00A0C91BC942}") = "40", "40\40.vcxproj", "{A055099A-2CC7-4E69-97E6-55F4A493C05C}"
EndProject
Project("{8BC9CEB8-8B4A-11D0-8D11-00A0C91BC942}") = "41", "41\41.vcxproj", "{BB3CA996-6CEC-48CA-8959-16C4127E19C0}"
EndProject
Project("{8BC9CEB8-8B4A-11D0-8D11-00A0C91BC942}") = "42", "42\42.vcxproj", "{A02D0A2B-CFEC-4A0B-9FA7-3BB57762B33B}"
EndProject
Project("{8BC9CEB8-8B4A-11D0-8D11-00A0C91BC942}") = "43", "43\43.vcxproj", "{ADFDAA05-677D-46A1-ABF8-FDE3ACE35EE1}"
EndProject
Project("{8BC9CEB8-8B4A-11D0-8D11-00A0C91BC942}") = "44", "44\44.vcxproj", "{287F3CDD-620B-41CC-ABE9-D590BD999005}"
EndProject
Project("{8BC9CEB8-8B4A-11D0-8D11-00A0C91BC942}") = "45", "45\45.vcxproj", "{1BE0D844-5A45-41B6-90A6-9B95C9B1A241}"
EndProject
Project("{8BC9CEB8-8B4A-11D0-8D11-00A0C91BC942}") = "46", "46\46.vcxproj", "{D9CDA6E7-D781-4A1A-8D57-CA9D9D28B01C}"
EndProject
Project("{8BC9CEB8-8B4A-11D0-8D11-00A0C91BC942}") = "47", "47\47.vcxproj", "{4A50B5C7-9581-4960-9F88-1CDFD9B3A177}"
EndProject
Project("{8BC9CEB8-8B4A-11D0-8D11-00A0C91BC942}") = "48", "48\48.vcxproj", "{02779EC9-D44B-4FAA-A814-E8E777C59E8E}"
EndProject
Project("{8BC9CEB8-8B4A-11D0-8D11-00A0C91BC942}") = "49", "49\49.vcxproj", "{DAED73F3-5187-43F4-83ED-12D2A7F8A9C3}"
EndProject
Project("{8BC9CEB8-8B4A-11D0-8D11-00A0C91BC942}") = "50", "50\50.vcxproj", "{D030BE40-90F2-42B2-BF63-558BBDC66155}"
EndProject
Project("{8BC9CEB8-8B4A-11D0-8D11-00A0C91BC942}") = "51", "51\51.vcxproj", "{4B341E91-E005-4670-975B-B3F75EDD9CC2}"
EndProject
Project("{8BC9CEB8-8B4A-11D0-8D11-00A0C91BC942}") = "52", "52\52.vcxproj", "{3CEBB45C-DC26-43B2-803D-FA045EEFF376}"
EndProject
Project("{8BC9CEB8-8B4A-11D0-8D11-00A0C91BC942}") = "53", "53\53.vcxproj", "{92FB1EF6-5487-434D-A8D1-1EACC4728F9C}"
EndProject
Project("{8BC9CEB8-8B4A-11D0-8D11-00A0C91BC942}") = "54", "54\54.vcxproj", "{74CBD3CB-EA89-4F2B-BCA1-6DC84DFA3348}"
EndProject
Project("{8BC9CEB8-8B4A-11D0-8D11-00A0C91BC942}") = "55", "55\55.vcxproj", "{9D5B2D1C-7BCA-48D9-8F47-5A28ADD12BFD}"
EndProject
Project("{8BC9CEB8-8B4A-11D0-8D11-00A0C91BC942}") = "56", "56\56.vcxproj", "{086B938B-EF8B-4244-9254-F0B00DAC2BFC}"
EndProject
Project("{8BC9CEB8-8B4A-11D0-8D11-00A0C91BC942}") = "57", "57\57.vcxproj", "{AE29438F-8446-44FF-9F80-0013256A414C}"
EndProject
Global
	GlobalSection(SolutionConfigurationPlatforms) = preSolution
		Debug|x64 = Debug|x64
		Debug|x86 = Debug|x86
		Release|x64 = Release|x64
		Release|x86 = Release|x86
	EndGlobalSection
	GlobalSection(ProjectConfigurationPlatforms) = postSolution
		{9FE25F0D-1E2F-4279-AD0F-49213DF58986}.Debug|x64.ActiveCfg = Debug|x64
		{9FE25F0D-1E2F-4279-AD0F-49213DF58986}.Debug|x64.Build.0 = Debug|x64
		{9FE25F0D-1E2F-4279-AD0F-49213DF58986}.Debug|x86.ActiveCfg = Debug|Win32
		{9FE25F0D-1E2F-4279-AD0F-49213DF58986}.Debug|x86.Build.0 = Debug|Win32
		{9FE25F0D-1E2F-4279-AD0F-49213DF58986}.Release|x64.ActiveCfg = Release|x64
		{9FE25F0D-1E2F-4279-AD0F-49213DF58986}.Release|x64.Build.0 = Release|x64
		{9FE25F0D-1E2F-4279-AD0F-49213DF58986}.Release|x86.ActiveCfg = Release|Win32
		{9FE25F0D-1E2F-4279-AD0F-49213DF58986}.Release|x86.Build.0 = Release|Win32
		{F91A7FC9-5837-43C7-A600-6F579622C40D}.Debug|x64.ActiveCfg = Debug|x64
		{F91A7FC9-5837-43C7-A600-6F579622C40D}.Debug|x64.Build.0 = Debug|x64
		{F91A7FC9-5837-43C7-A600-6F579622C40D}.Debug|x86.ActiveCfg = Debug|Win32
		{F91A7FC9-5837-43C7-A600-6F579622C40D}.Debug|x86.Build.0 = Debug|Win32
		{F91A7FC9-5837-43C7-A600-6F579622C40D}.Release|x64.ActiveCfg = Release|x64
		{F91A7FC9-5837-43C7-A600-6F579622C40D}.Release|x64.Build.0 = Release|x64
		{F91A7FC9-5837-43C7-A600-6F579622C40D}.Release|x86.ActiveCfg = Release|Win32
		{F91A7FC9-5837-43C7-A600-6F579622C40D}.Release|x86.Build.0 = Release|Win32
		{6001E335-856F-413B-ACA0-5A59FBE1B360}.Debug|x64.ActiveCfg = Debug|x64
		{6001E335-856F-413B-ACA0-5A59FBE1B360}.Debug|x64.Build.0 = Debug|x64
		{6001E335-856F-413B-ACA0-5A59FBE1B360}.Debug|x86.ActiveCfg = Debug|Win32
		{6001E335-856F-413B-ACA0-5A59FBE1B360}.Debug|x86.Build.0 = Debug|Win32
		{6001E335-856F-413B-ACA0-5A59FBE1B360}.Release|x64.ActiveCfg = Release|x64
		{6001E335-856F-413B-ACA0-5A59FBE1B360}.Release|x64.Build.0 = Release|x64
		{6001E335-856F-413B-ACA0-5A59FBE1B360}.Release|x86.ActiveCfg = Release|Win32
		{6001E335-856F-413B-ACA0-5A59FBE1B360}.Release|x86.Build.0 = Release|Win32
		{A76C4979-7CC6-49E8-8B22-4EE18828C6A9}.Debug|x64.ActiveCfg = Debug|x64
		{A76C4979-7CC6-49E8-8B22-4EE18828C6A9}.Debug|x64.Build.0 = Debug|x64
		{A76C4979-7CC6-49E8-8B22-4EE18828C6A9}.Debug|x86.ActiveCfg = Debug|Win32
		{A76C4979-7CC6-49E8-8B22-4EE18828C6A9}.Debug|x86.Build.0 = Debug|Win32
		{A76C4979-7CC6-49E8-8B22-4EE18828C6A9}.Release|x64.ActiveCfg = Release|x64
		{A76C4979-7CC6-49E8-8B22-4EE18828C6A9}.Release|x64.Build.0 = Release|x64
		{A76C4979-7CC6-49E8-8B22-4EE18828C6A9}.Release|x86.ActiveCfg = Release|Win32
		{A76C4979-7CC6-49E8-8B22-4EE18828C6A9}.Release|x86.Build.0 = Release|Win32
		{5797A61B-C87B-46E5-9394-FC2B60C86865}.Debug|x64.ActiveCfg = Debug|x64
		{5797A61B-C87B-46E5-9394-FC2B60C86865}.Debug|x64.Build.0 = Debug|x64
		{5797A61B-C87B-46E5-9394-FC2B60C86865}.Debug|x86.ActiveCfg = Debug|Win32
		{5797A61B-C87B-46E5-9394-FC2B60C86865}.Debug|x86.Build.0 = Debug|Win32
		{5797A61B-C87B-46E5-9394-FC2B60C86865}.Release|x64.ActiveCfg = Release|x64
		{5797A61B-C87B-46E5-9394-FC2B60C86865}.Release|x64.Build.0 = Release|x64
		{5797A61B-C87B-46E5-9394-FC2B60C86865}.Release|x86.ActiveCfg = Release|Win32
		{5797A61B-C87B-46E5-9394-FC2B60C86865}.Release|x86.Build.0 = Release|Win32
		{9076CB21-F000-495D-9E0C-B98F65BA6F4C}.Debug|x64.ActiveCfg = Debug|x64
		{9076CB21-F000-495D-9E0C-B98F65BA6F4C}.Debug|x64.Build.0 = Debug|x64
		{9076CB21-F000-495D-9E0C-B98F65BA6F4C}.Debug|x86.ActiveCfg = Debug|Win32
		{9076CB21-F000-495D-9E0C-B98F65BA6F4C}.Debug|x86.Build.0 = Debug|Win32
		{9076CB21-F000-495D-9E0C-B98F65BA6F4C}.Release|x64.ActiveCfg = Release|x64
		{9076CB21-F000-495D-9E0C-B98F65BA6F4C}.Release|x64.Build.0 = Release|x64
		{9076CB21-F000-495D-9E0C-B98F65BA6F4C}.Release|x86.ActiveCfg = Release|Win32
		{9076CB21-F000-495D-9E0C-B98F65BA6F4C}.Release|x86.Build.0 = Release|Win32
		{E98CC06C-4EC6-4FF0-941F-FA5B8498A15E}.Debug|x64.ActiveCfg = Debug|x64
		{E98CC06C-4EC6-4FF0-941F-FA5B8498A15E}.Debug|x64.Build.0 = Debug|x64
		{E98CC06C-4EC6-4FF0-941F-FA5B8498A15E}.Debug|x86.ActiveCfg = Debug|Win32
		{E98CC06C-4EC6-4FF0-941F-FA5B8498A15E}.Debug|x86.Build.0 = Debug|Win32
		{E98CC06C-4EC6-4FF0-941F-FA5B8498A15E}.Release|x64.ActiveCfg = Release|x64
		{E98CC06C-4EC6-4FF0-941F-FA5B8498A15E}.Release|x64.Build.0 = Release|x64
		{E98CC06C-4EC6-4FF0-941F-FA5B8498A15E}.Release|x86.ActiveCfg = Release|Win32
		{E98CC06C-4EC6-4FF0-941F-FA5B8498A15E}.Release|x86.Build.0 = Release|Win32
		{64C2288E-71E5-402E-B007-DB13DCD5F2EF}.Debug|x64.ActiveCfg = Debug|x64
		{64C2288E-71E5-402E-B007-DB13DCD5F2EF}.Debug|x64.Build.0 = Debug|x64
		{64C2288E-71E5-402E-B007-DB13DCD5F2EF}.Debug|x86.ActiveCfg = Debug|Win32
		{64C2288E-71E5-402E-B007-DB13DCD5F2EF}.Debug|x86.Build.0 = Debug|Win32
		{64C2288E-71E5-402E-B007-DB13DCD5F2EF}.Release|x64.ActiveCfg = Release|x64
		{64C2288E-71E5-402E-B007-DB13DCD5F2EF}.Release|x64.Build.0 = Release|x64
		{64C2288E-71E5-402E-B007-DB13DCD5F2EF}.Release|x86.ActiveCfg = Release|Win32
		{64C2288E-71E5-402E-B007-DB13DCD5F2EF}.Release|x86.Build.0 = Release|Win32
		{5DE0D14F-6ABF-4AB0-9923-046DE4330695}.Debug|x64.ActiveCfg = Debug|x64
		{5DE0D14F-6ABF-4AB0-9923-046DE4330695}.Debug|x64.Build.0 = Debug|x64
		{5DE0D14F-6ABF-4AB0-9923-046DE4330695}.Debug|x86.ActiveCfg = Debug|Win32
		{5DE0D14F-6ABF-4AB0-9923-046DE4330695}.Debug|x86.Build.0 = Debug|Win32
		{5DE0D14F-6ABF-4AB0-9923-046DE4330695}.Release|x64.ActiveCfg = Release|x64
		{5DE0D14F-6ABF-4AB0-9923-046DE4330695}.Release|x64.Build.0 = Release|x64
		{5DE0D14F-6ABF-4AB0-9923-046DE4330695}.Release|x86.ActiveCfg = Release|Win32
		{5DE0D14F-6ABF-4AB0-9923-046DE4330695}.Release|x86.Build.0 = Release|Win32
		{EE29A951-97DE-4D8F-9437-7943541AFBB8}.Debug|x64.ActiveCfg = Debug|x64
		{EE29A951-97DE-4D8F-9437-7943541AFBB8}.Debug|x64.Build.0 = Debug|x64
		{EE29A951-97DE-4D8F-9437-7943541AFBB8}.Debug|x86.ActiveCfg = Debug|Win32
		{EE29A951-97DE-4D8F-9437-7943541AFBB8}.Debug|x86.Build.0 = Debug|Win32
		{EE29A951-97DE-4D8F-9437-7943541AFBB8}.Release|x64.ActiveCfg = Release|x64
		{EE29A951-97DE-4D8F-9437-7943541AFBB8}.Release|x64.Build.0 = Release|x64
		{EE29A951-97DE-4D8F-9437-7943541AFBB8}.Release|x86.ActiveCfg = Release|Win32
		{EE29A951-97DE-4D8F-9437-7943541AFBB8}.Release|x86.Build.0 = Release|Win32
		{C8052531-CE5B-4455-B88B-FCE7F68BC626}.Debug|x64.ActiveCfg = Debug|x64
		{C8052531-CE5B-4455-B88B-FCE7F68BC626}.Debug|x64.Build.0 = Debug|x64
		{C8052531-CE5B-4455-B88B-FCE7F68BC626}.Debug|x86.ActiveCfg = Debug|Win32
		{C8052531-CE5B-4455-B88B-FCE7F68BC626}.Debug|x86.Build.0 = Debug|Win32
		{C8052531-CE5B-4455-B88B-FCE7F68BC626}.Release|x64.ActiveCfg = Release|x64
		{C8052531-CE5B-4455-B88B-FCE7F68BC626}.Release|x64.Build.0 = Release|x64
		{C8052531-CE5B-4455-B88B-FCE7F68BC626}.Release|x86.ActiveCfg = Release|Win32
		{C8052531-CE5B-4455-B88B-FCE7F68BC626}.Release|x86.Build.0 = Release|Win32
		{87C60123-E82A-40CE-BE3B-2E310DB6B2FD}.Debug|x64.ActiveCfg = Debug|x64
		{87C60123-E82A-40CE-BE3B-2E310DB6B2FD}.Debug|x64.Build.0 = Debug|x64
		{87C60123-E82A-40CE-BE3B-2E310DB6B2FD}.Debug|x86.ActiveCfg = Debug|Win32
		{87C60123-E82A-40CE-BE3B-2E310DB6B2FD}.Debug|x86.Build.0 = Debug|Win32
		{87C60123-E82A-40CE-BE3B-2E310DB6B2FD}.Release|x64.ActiveCfg = Release|x64
		{87C60123-E82A-40CE-BE3B-2E310DB6B2FD}.Release|x64.Build.0 = Release|x64
		{87C60123-E82A-40CE-BE3B-2E310DB6B2FD}.Release|x86.ActiveCfg = Release|Win32
		{87C60123-E82A-40CE-BE3B-2E310DB6B2FD}.Release|x86.Build.0 = Release|Win32
		{D88800DC-6733-4AF3-B058-D9A615418479}.Debug|x64.ActiveCfg = Debug|x64
		{D88800DC-6733-4AF3-B058-D9A615418479}.Debug|x64.Build.0 = Debug|x64
		{D88800DC-6733-4AF3-B058-D9A615418479}.Debug|x86.ActiveCfg = Debug|Win32
		{D88800DC-6733-4AF3-B058-D9A615418479}.Debug|x86.Build.0 = Debug|Win32
		{D88800DC-6733-4AF3-B058-D9A615418479}.Release|x64.ActiveCfg = Release|x64
		{D88800DC-6733-4AF3-B058-D9A615418479}.Release|x64.Build.0 = Release|x64
		{D88800DC-6733-4AF3-B058-D9A615418479}.Release|x86.ActiveCfg = Release|Win32
		{D88800DC-6733-4AF3-B058-D9A615418479}.Release|x86.Build.0 = Release|Win32
		{0D9D248B-2311-4DB6-9814-268C6646306F}.Debug|x64.ActiveCfg = Debug|x64
		{0D9D248B-2311-4DB6-9814-268C6646306F}.Debug|x64.Build.0 = Debug|x64
		{0D9D248B-2311-4DB6-9814-268C6646306F}.Debug|x86.ActiveCfg = Debug|Win32
		{0D9D248B-2311-4DB6-9814-268C6646306F}.Debug|x86.Build.0 = Debug|Win32
		{0D9D248B-2311-4DB6-9814-268C6646306F}.Release|x64.ActiveCfg = Release|x64
		{0D9D248B-2311-4DB6-9814-268C6646306F}.Release|x64.Build.0 = Release|x64
		{0D9D248B-2311-4DB6-9814-268C6646306F}.Release|x86.ActiveCfg = Release|Win32
		{0D9D248B-2311-4DB6-9814-268C6646306F}.Release|x86.Build.0 = Release|Win32
		{F1C69556-949D-43EE-B28A-502311205762}.Debug|x64.ActiveCfg = Debug|x64
		{F1C69556-949D-43EE-B28A-502311205762}.Debug|x64.Build.0 = Debug|x64
		{F1C69556-949D-43EE-B28A-502311205762}.Debug|x86.ActiveCfg = Debug|Win32
		{F1C69556-949D-43EE-B28A-502311205762}.Debug|x86.Build.0 = Debug|Win32
		{F1C69556-949D-43EE-B28A-502311205762}.Release|x64.ActiveCfg = Release|x64
		{F1C69556-949D-43EE-B28A-502311205762}.Release|x64.Build.0 = Release|x64
		{F1C69556-949D-43EE-B28A-502311205762}.Release|x86.ActiveCfg = Release|Win32
		{F1C69556-949D-43EE-B28A-502311205762}.Release|x86.Build.0 = Release|Win32
		{C6A3C5F6-C80A-4001-984A-2A310ACD6FFB}.Debug|x64.ActiveCfg = Debug|x64
		{C6A3C5F6-C80A-4001-984A-2A310ACD6FFB}.Debug|x64.Build.0 = Debug|x64
		{C6A3C5F6-C80A-4001-984A-2A310ACD6FFB}.Debug|x86.ActiveCfg = Debug|Win32
		{C6A3C5F6-C80A-4001-984A-2A310ACD6FFB}.Debug|x86.Build.0 = Debug|Win32
		{C6A3C5F6-C80A-4001-984A-2A310ACD6FFB}.Release|x64.ActiveCfg = Release|x64
		{C6A3C5F6-C80A-4001-984A-2A310ACD6FFB}.Release|x64.Build.0 = Release|x64
		{C6A3C5F6-C80A-4001-984A-2A310ACD6FFB}.Release|x86.ActiveCfg = Release|Win32
		{C6A3C5F6-C80A-4001-984A-2A310ACD6FFB}.Release|x86.Build.0 = Release|Win32
		{18BD45DC-D120-4529-8E20-E950F36D85FD}.Debug|x64.ActiveCfg = Debug|x64
		{18BD45DC-D120-4529-8E20-E950F36D85FD}.Debug|x64.Build.0 = Debug|x64
		{18BD45DC-D120-4529-8E20-E950F36D85FD}.Debug|x86.ActiveCfg = Debug|Win32
		{18BD45DC-D120-4529-8E20-E950F36D85FD}.Debug|x86.Build.0 = Debug|Win32
		{18BD45DC-D120-4529-8E20-E950F36D85FD}.Release|x64.ActiveCfg = Release|x64
		{18BD45DC-D120-4529-8E20-E950F36D85FD}.Release|x64.Build.0 = Release|x64
		{18BD45DC-D120-4529-8E20-E950F36D85FD}.Release|x86.ActiveCfg = Release|Win32
		{18BD45DC-D120-4529-8E20-E950F36D85FD}.Release|x86.Build.0 = Release|Win32
		{4B73FC23-A426-4053-B035-CF27EE7DEACF}.Debug|x64.ActiveCfg = Debug|x64
		{4B73FC23-A426-4053-B035-CF27EE7DEACF}.Debug|x64.Build.0 = Debug|x64
		{4B73FC23-A426-4053-B035-CF27EE7DEACF}.Debug|x86.ActiveCfg = Debug|Win32
		{4B73FC23-A426-4053-B035-CF27EE7DEACF}.Debug|x86.Build.0 = Debug|Win32
		{4B73FC23-A426-4053-B035-CF27EE7DEACF}.Release|x64.ActiveCfg = Release|x64
		{4B73FC23-A426-4053-B035-CF27EE7DEACF}.Release|x64.Build.0 = Release|x64
		{4B73FC23-A426-4053-B035-CF27EE7DEACF}.Release|x86.ActiveCfg = Release|Win32
		{4B73FC23-A426-4053-B035-CF27EE7DEACF}.Release|x86.Build.0 = Release|Win32
		{331E855F-B384-478D-9C07-293335057028}.Debug|x64.ActiveCfg = Debug|x64
		{331E855F-B384-478D-9C07-293335057028}.Debug|x64.Build.0 = Debug|x64
		{331E855F-B384-478D-9C07-293335057028}.Debug|x86.ActiveCfg = Debug|Win32
		{331E855F-B384-478D-9C07-293335057028}.Debug|x86.Build.0 = Debug|Win32
		{331E855F-B384-478D-9C07-293335057028}.Release|x64.ActiveCfg = Release|x64
		{331E855F-B384-478D-9C07-293335057028}.Release|x64.Build.0 = Release|x64
		{331E855F-B384-478D-9C07-293335057028}.Release|x86.ActiveCfg = Release|Win32
		{331E855F-B384-478D-9C07-293335057028}.Release|x86.Build.0 = Release|Win32
		{F3DFCC5B-8BE9-4C7B-B6D1-07CBDD458D57}.Debug|x64.ActiveCfg = Debug|x64
		{F3DFCC5B-8BE9-4C7B-B6D1-07CBDD458D57}.Debug|x64.Build.0 = Debug|x64
		{F3DFCC5B-8BE9-4C7B-B6D1-07CBDD458D57}.Debug|x86.ActiveCfg = Debug|Win32
		{F3DFCC5B-8BE9-4C7B-B6D1-07CBDD458D57}.Debug|x86.Build.0 = Debug|Win32
		{F3DFCC5B-8BE9-4C7B-B6D1-07CBDD458D57}.Release|x64.ActiveCfg = Release|x64
		{F3DFCC5B-8BE9-4C7B-B6D1-07CBDD458D57}.Release|x64.Build.0 = Release|x64
		{F3DFCC5B-8BE9-4C7B-B6D1-07CBDD458D57}.Release|x86.ActiveCfg = Release|Win32
		{F3DFCC5B-8BE9-4C7B-B6D1-07CBDD458D57}.Release|x86.Build.0 = Release|Win32
		{F85052FC-4C64-4991-9990-1CB27C50845A}.Debug|x64.ActiveCfg = Debug|x64
		{F85052FC-4C64-4991-9990-1CB27C50845A}.Debug|x64.Build.0 = Debug|x64
		{F85052FC-4C64-4991-9990-1CB27C50845A}.Debug|x86.ActiveCfg = Debug|Win32
		{F85052FC-4C64-4991-9990-1CB27C50845A}.Debug|x86.Build.0 = Debug|Win32
		{F85052FC-4C64-4991-9990-1CB27C50845A}.Release|x64.ActiveCfg = Release|x64
		{F85052FC-4C64-4991-9990-1CB27C50845A}.Release|x64.Build.0 = Release|x64
		{F85052FC-4C64-4991-9990-1CB27C50845A}.Release|x86.ActiveCfg = Release|Win32
		{F85052FC-4C64-4991-9990-1CB27C50845A}.Release|x86.Build.0 = Release|Win32
		{23D27200-5859-40C0-B0AE-430F14F94728}.Debug|x64.ActiveCfg = Debug|x64
		{23D27200-5859-40C0-B0AE-430F14F94728}.Debug|x64.Build.0 = Debug|x64
		{23D27200-5859-40C0-B0AE-430F14F94728}.Debug|x86.ActiveCfg = Debug|Win32
		{23D27200-5859-40C0-B0AE-430F14F94728}.Debug|x86.Build.0 = Debug|Win32
		{23D27200-5859-40C0-B0AE-430F14F94728}.Release|x64.ActiveCfg = Release|x64
		{23D27200-5859-40C0-B0AE-430F14F94728}.Release|x64.Build.0 = Release|x64
		{23D27200-5859-40C0-B0AE-430F14F94728}.Release|x86.ActiveCfg = Release|Win32
		{23D27200-5859-40C0-B0AE-430F14F94728}.Release|x86.Build.0 = Release|Win32
		{BD4E9D35-E8CB-4D96-B2A4-91FF68F10B61}.Debug|x64.ActiveCfg = Debug|x64
		{BD4E9D35-E8CB-4D96-B2A4-91FF68F10B61}.Debug|x64.Build.0 = Debug|x64
		{BD4E9D35-E8CB-4D96-B2A4-91FF68F10B61}.Debug|x86.ActiveCfg = Debug|Win32
		{BD4E9D35-E8CB-4D96-B2A4-91FF68F10B61}.Debug|x86.Build.0 = Debug|Win32
		{BD4E9D35-E8CB-4D96-B2A4-91FF68F10B61}.Release|x64.ActiveCfg = Release|x64
		{BD4E9D35-E8CB-4D96-B2A4-91FF68F10B61}.Release|x64.Build.0 = Release|x64
		{BD4E9D35-E8CB-4D96-B2A4-91FF68F10B61}.Release|x86.ActiveCfg = Release|Win32
		{BD4E9D35-E8CB-4D96-B2A4-91FF68F10B61}.Release|x86.Build.0 = Release|Win32
		{FEC825E5-7FB6-40DB-AB01-E059FC6E1D54}.Debug|x64.ActiveCfg = Debug|x64
		{FEC825E5-7FB6-40DB-AB01-E059FC6E1D54}.Debug|x64.Build.0 = Debug|x64
		{FEC825E5-7FB6-40DB-AB01-E059FC6E1D54}.Debug|x86.ActiveCfg = Debug|Win32
		{FEC825E5-7FB6-40DB-AB01-E059FC6E1D54}.Debug|x86.Build.0 = Debug|Win32
		{FEC825E5-7FB6-40DB-AB01-E059FC6E1D54}.Release|x64.ActiveCfg = Release|x64
		{FEC825E5-7FB6-40DB-AB01-E059FC6E1D54}.Release|x64.Build.0 = Release|x64
		{FEC825E5-7FB6-40DB-AB01-E059FC6E1D54}.Release|x86.ActiveCfg = Release|Win32
		{FEC825E5-7FB6-40DB-AB01-E059FC6E1D54}.Release|x86.Build.0 = Release|Win32
		{C829CA2D-3F29-4CBC-8B24-25434EE06A99}.Debug|x64.ActiveCfg = Debug|x64
		{C829CA2D-3F29-4CBC-8B24-25434EE06A99}.Debug|x64.Build.0 = Debug|x64
		{C829CA2D-3F29-4CBC-8B24-25434EE06A99}.Debug|x86.ActiveCfg = Debug|Win32
		{C829CA2D-3F29-4CBC-8B24-25434EE06A99}.Debug|x86.Build.0 = Debug|Win32
		{C829CA2D-3F29-4CBC-8B24-25434EE06A99}.Release|x64.ActiveCfg = Release|x64
		{C829CA2D-3F29-4CBC-8B24-25434EE06A99}.Release|x64.Build.0 = Release|x64
		{C829CA2D-3F29-4CBC-8B24-25434EE06A99}.Release|x86.ActiveCfg = Release|Win32
		{C829CA2D-3F29-4CBC-8B24-25434EE06A99}.Release|x86.Build.0 = Release|Win32
		{18E7D1CD-194A-4059-96CB-CCAF0E66CD89}.Debug|x64.ActiveCfg = Debug|x64
		{18E7D1CD-194A-4059-96CB-CCAF0E66CD89}.Debug|x64.Build.0 = Debug|x64
		{18E7D1CD-194A-4059-96CB-CCAF0E66CD89}.Debug|x86.ActiveCfg = Debug|Win32
		{18E7D1CD-194A-4059-96CB-CCAF0E66CD89}.Debug|x86.Build.0 = Debug|Win32
		{18E7D1CD-194A-4059-96CB-CCAF0E66CD89}.Release|x64.ActiveCfg = Release|x64
		{18E7D1CD-194A-4059-96CB-CCAF0E66CD89}.Release|x64.Build.0 = Release|x64
		{18E7D1CD-194A-4059-96CB-CCAF0E66CD89}.Release|x86.ActiveCfg = Release|Win32
		{18E7D1CD-194A-4059-96CB-CCAF0E66CD89}.Release|x86.Build.0 = Release|Win32
		{4AAEC48C-B797-4C97-B9A2-BAC59B4AAEBD}.Debug|x64.ActiveCfg = Debug|x64
		{4AAEC48C-B797-4C97-B9A2-BAC59B4AAEBD}.Debug|x64.Build.0 = Debug|x64
		{4AAEC48C-B797-4C97-B9A2-BAC59B4AAEBD}.Debug|x86.ActiveCfg = Debug|Win32
		{4AAEC48C-B797-4C97-B9A2-BAC59B4AAEBD}.Debug|x86.Build.0 = Debug|Win32
		{4AAEC48C-B797-4C97-B9A2-BAC59B4AAEBD}.Release|x64.ActiveCfg = Release|x64
		{4AAEC48C-B797-4C97-B9A2-BAC59B4AAEBD}.Release|x64.Build.0 = Release|x64
		{4AAEC48C-B797-4C97-B9A2-BAC59B4AAEBD}.Release|x86.ActiveCfg = Release|Win32
		{4AAEC48C-B797-4C97-B9A2-BAC59B4AAEBD}.Release|x86.Build.0 = Release|Win32
		{C07FC9B6-053C-4A23-BF68-690955415E43}.Debug|x64.ActiveCfg = Debug|x64
		{C07FC9B6-053C-4A23-BF68-690955415E43}.Debug|x64.Build.0 = Debug|x64
		{C07FC9B6-053C-4A23-BF68-690955415E43}.Debug|x86.ActiveCfg = Debug|Win32
		{C07FC9B6-053C-4A23-BF68-690955415E43}.Debug|x86.Build.0 = Debug|Win32
		{C07FC9B6-053C-4A23-BF68-690955415E43}.Release|x64.ActiveCfg = Release|x64
		{C07FC9B6-053C-4A23-BF68-690955415E43}.Release|x64.Build.0 = Release|x64
		{C07FC9B6-053C-4A23-BF68-690955415E43}.Release|x86.ActiveCfg = Release|Win32
		{C07FC9B6-053C-4A23-BF68-690955415E43}.Release|x86.Build.0 = Release|Win32
		{B35919C7-5769-4BFA-B5FC-2989891C13CD}.Debug|x64.ActiveCfg = Debug|x64
		{B35919C7-5769-4BFA-B5FC-2989891C13CD}.Debug|x64.Build.0 = Debug|x64
		{B35919C7-5769-4BFA-B5FC-2989891C13CD}.Debug|x86.ActiveCfg = Debug|Win32
		{B35919C7-5769-4BFA-B5FC-2989891C13CD}.Debug|x86.Build.0 = Debug|Win32
		{B35919C7-5769-4BFA-B5FC-2989891C13CD}.Release|x64.ActiveCfg = Release|x64
		{B35919C7-5769-4BFA-B5FC-2989891C13CD}.Release|x64.Build.0 = Release|x64
		{B35919C7-5769-4BFA-B5FC-2989891C13CD}.Release|x86.ActiveCfg = Release|Win32
		{B35919C7-5769-4BFA-B5FC-2989891C13CD}.Release|x86.Build.0 = Release|Win32
		{BAD3FFD7-3390-490D-B2BB-49AC3AEFC573}.Debug|x64.ActiveCfg = Debug|x64
		{BAD3FFD7-3390-490D-B2BB-49AC3AEFC573}.Debug|x64.Build.0 = Debug|x64
		{BAD3FFD7-3390-490D-B2BB-49AC3AEFC573}.Debug|x86.ActiveCfg = Debug|Win32
		{BAD3FFD7-3390-490D-B2BB-49AC3AEFC573}.Debug|x86.Build.0 = Debug|Win32
		{BAD3FFD7-3390-490D-B2BB-49AC3AEFC573}.Release|x64.ActiveCfg = Release|x64
		{BAD3FFD7-3390-490D-B2BB-49AC3AEFC573}.Release|x64.Build.0 = Release|x64
		{BAD3FFD7-3390-490D-B2BB-49AC3AEFC573}.Release|x86.ActiveCfg = Release|Win32
		{BAD3FFD7-3390-490D-B2BB-49AC3AEFC573}.Release|x86.Build.0 = Release|Win32
		{E95E5D29-0841-45BA-9EA6-C90B57260A14}.Debug|x64.ActiveCfg = Debug|x64
		{E95E5D29-0841-45BA-9EA6-C90B57260A14}.Debug|x64.Build.0 = Debug|x64
		{E95E5D29-0841-45BA-9EA6-C90B57260A14}.Debug|x86.ActiveCfg = Debug|Win32
		{E95E5D29-0841-45BA-9EA6-C90B57260A14}.Debug|x86.Build.0 = Debug|Win32
		{E95E5D29-0841-45BA-9EA6-C90B57260A14}.Release|x64.ActiveCfg = Release|x64
		{E95E5D29-0841-45BA-9EA6-C90B57260A14}.Release|x64.Build.0 = Release|x64
		{E95E5D29-0841-45BA-9EA6-C90B57260A14}.Release|x86.ActiveCfg = Release|Win32
		{E95E5D29-0841-45BA-9EA6-C90B57260A14}.Release|x86.Build.0 = Release|Win32
		{39D0276B-7933-49C9-8D28-DFD1834AAF32}.Debug|x64.ActiveCfg = Debug|x64
		{39D0276B-7933-49C9-8D28-DFD1834AAF32}.Debug|x64.Build.0 = Debug|x64
		{39D0276B-7933-49C9-8D28-DFD1834AAF32}.Debug|x86.ActiveCfg = Debug|Win32
		{39D0276B-7933-49C9-8D28-DFD1834AAF32}.Debug|x86.Build.0 = Debug|Win32
		{39D0276B-7933-49C9-8D28-DFD1834AAF32}.Release|x64.ActiveCfg = Release|x64
		{39D0276B-7933-49C9-8D28-DFD1834AAF32}.Release|x64.Build.0 = Release|x64
		{39D0276B-7933-49C9-8D28-DFD1834AAF32}.Release|x86.ActiveCfg = Release|Win32
		{39D0276B-7933-49C9-8D28-DFD1834AAF32}.Release|x86.Build.0 = Release|Win32
		{CD2526E6-3F34-4136-99A1-EC088837C713}.Debug|x64.ActiveCfg = Debug|x64
		{CD2526E6-3F34-4136-99A1-EC088837C713}.Debug|x64.Build.0 = Debug|x64
		{CD2526E6-3F34-4136-99A1-EC088837C713}.Debug|x86.ActiveCfg = Debug|Win32
		{CD2526E6-3F34-4136-99A1-EC088837C713}.Debug|x86.Build.0 = Debug|Win32
		{CD2526E6-3F34-4136-99A1-EC088837C713}.Release|x64.ActiveCfg = Release|x64
		{CD2526E6-3F34-4136-99A1-EC088837C713}.Release|x64.Build.0 = Release|x64
		{CD2526E6-3F34-4136-99A1-EC088837C713}.Release|x86.ActiveCfg = Release|Win32
		{CD2526E6-3F34-4136-99A1-EC088837C713}.Release|x86.Build.0 = Release|Win32
		{CC38EA00-DB6D-41A6-821F-A51F41C8839A}.Debug|x64.ActiveCfg = Debug|x64
		{CC38EA00-DB6D-41A6-821F-A51F41C8839A}.Debug|x64.Build.0 = Debug|x64
		{CC38EA00-DB6D-41A6-821F-A51F41C8839A}.Debug|x86.ActiveCfg = Debug|Win32
		{CC38EA00-DB6D-41A6-821F-A51F41C8839A}.Debug|x86.Build.0 = Debug|Win32
		{CC38EA00-DB6D-41A6-821F-A51F41C8839A}.Release|x64.ActiveCfg = Release|x64
		{CC38EA00-DB6D-41A6-821F-A51F41C8839A}.Release|x64.Build.0 = Release|x64
		{CC38EA00-DB6D-41A6-821F-A51F41C8839A}.Release|x86.ActiveCfg = Release|Win32
		{CC38EA00-DB6D-41A6-821F-A51F41C8839A}.Release|x86.Build.0 = Release|Win32
		{733B0713-1DB0-4E1D-9B7C-55EF6120E3AE}.Debug|x64.ActiveCfg = Debug|x64
		{733B0713-1DB0-4E1D-9B7C-55EF6120E3AE}.Debug|x64.Build.0 = Debug|x64
		{733B0713-1DB0-4E1D-9B7C-55EF6120E3AE}.Debug|x86.ActiveCfg = Debug|Win32
		{733B0713-1DB0-4E1D-9B7C-55EF6120E3AE}.Debug|x86.Build.0 = Debug|Win32
		{733B0713-1DB0-4E1D-9B7C-55EF6120E3AE}.Release|x64.ActiveCfg = Release|x64
		{733B0713-1DB0-4E1D-9B7C-55EF6120E3AE}.Release|x64.Build.0 = Release|x64
		{733B0713-1DB0-4E1D-9B7C-55EF6120E3AE}.Release|x86.ActiveCfg = Release|Win32
		{733B0713-1DB0-4E1D-9B7C-55EF6120E3AE}.Release|x86.Build.0 = Release|Win32
		{0C45CE9B-4546-4A17-B3A7-E98E068EA7CA}.Debug|x64.ActiveCfg = Debug|x64
		{0C45CE9B-4546-4A17-B3A7-E98E068EA7CA}.Debug|x64.Build.0 = Debug|x64
		{0C45CE9B-4546-4A17-B3A7-E98E068EA7CA}.Debug|x86.ActiveCfg = Debug|Win32
		{0C45CE9B-4546-4A17-B3A7-E98E068EA7CA}.Debug|x86.Build.0 = Debug|Win32
		{0C45CE9B-4546-4A17-B3A7-E98E068EA7CA}.Release|x64.ActiveCfg = Release|x64
		{0C45CE9B-4546-4A17-B3A7-E98E068EA7CA}.Release|x64.Build.0 = Release|x64
		{0C45CE9B-4546-4A17-B3A7-E98E068EA7CA}.Release|x86.ActiveCfg = Release|Win32
		{0C45CE9B-4546-4A17-B3A7-E98E068EA7CA}.Release|x86.Build.0 = Release|Win32
		{1AC70677-E8C5-4C06-822A-9E8167B49702}.Debug|x64.ActiveCfg = Debug|x64
		{1AC70677-E8C5-4C06-822A-9E8167B49702}.Debug|x64.Build.0 = Debug|x64
		{1AC70677-E8C5-4C06-822A-9E8167B49702}.Debug|x86.ActiveCfg = Debug|Win32
		{1AC70677-E8C5-4C06-822A-9E8167B49702}.Debug|x86.Build.0 = Debug|Win32
		{1AC70677-E8C5-4C06-822A-9E8167B49702}.Release|x64.ActiveCfg = Release|x64
		{1AC70677-E8C5-4C06-822A-9E8167B49702}.Release|x64.Build.0 = Release|x64
		{1AC70677-E8C5-4C06-822A-9E8167B49702}.Release|x86.ActiveCfg = Release|Win32
		{1AC70677-E8C5-4C06-822A-9E8167B49702}.Release|x86.Build.0 = Release|Win32
		{0EF3D1EB-2810-4C56-AA9F-413BD5BC9CEC}.Debug|x64.ActiveCfg = Debug|x64
		{0EF3D1EB-2810-4C56-AA9F-413BD5BC9CEC}.Debug|x64.Build.0 = Debug|x64
		{0EF3D1EB-2810-4C56-AA9F-413BD5BC9CEC}.Debug|x86.ActiveCfg = Debug|Win32
		{0EF3D1EB-2810-4C56-AA9F-413BD5BC9CEC}.Debug|x86.Build.0 = Debug|Win32
		{0EF3D1EB-2810-4C56-AA9F-413BD5BC9CEC}.Release|x64.ActiveCfg = Release|x64
		{0EF3D1EB-2810-4C56-AA9F-413BD5BC9CEC}.Release|x64.Build.0 = Release|x64
		{0EF3D1EB-2810-4C56-AA9F-413BD5BC9CEC}.Release|x86.ActiveCfg = Release|Win32
		{0EF3D1EB-2810-4C56-AA9F-413BD5BC9CEC}.Release|x86.Build.0 = Release|Win32
		{02769368-1688-4931-B58B-6E704275B9DF}.Debug|x64.ActiveCfg = Debug|x64
		{02769368-1688-4931-B58B-6E704275B9DF}.Debug|x64.Build.0 = Debug|x64
		{02769368-1688-4931-B58B-6E704275B9DF}.Debug|x86.ActiveCfg = Debug|Win32
		{02769368-1688-4931-B58B-6E704275B9DF}.Debug|x86.Build.0 = Debug|Win32
		{02769368-1688-4931-B58B-6E704275B9DF}.Release|x64.ActiveCfg = Release|x64
		{02769368-1688-4931-B58B-6E704275B9DF}.Release|x64.Build.0 = Release|x64
		{02769368-1688-4931-B58B-6E704275B9DF}.Release|x86.ActiveCfg = Release|Win32
		{02769368-1688-4931-B58B-6E704275B9DF}.Release|x86.Build.0 = Release|Win32
		{25940187-4DB7-4348-A1E6-77E4799E6212}.Debug|x64.ActiveCfg = Debug|x64
		{25940187-4DB7-4348-A1E6-77E4799E6212}.Debug|x64.Build.0 = Debug|x64
		{25940187-4DB7-4348-A1E6-77E4799E6212}.Debug|x86.ActiveCfg = Debug|Win32
		{25940187-4DB7-4348-A1E6-77E4799E6212}.Debug|x86.Build.0 = Debug|Win32
		{25940187-4DB7-4348-A1E6-77E4799E6212}.Release|x64.ActiveCfg = Release|x64
		{25940187-4DB7-4348-A1E6-77E4799E6212}.Release|x64.Build.0 = Release|x64
		{25940187-4DB7-4348-A1E6-77E4799E6212}.Release|x86.ActiveCfg = Release|Win32
		{25940187-4DB7-4348-A1E6-77E4799E6212}.Release|x86.Build.0 = Release|Win32
		{C13A3621-E17B-1EAC-F555-BA0DD4C6EE0A}.Debug|x64.ActiveCfg = Release|x64
		{C13A3621-E17B-1EAC-F555-BA0DD4C6EE0A}.Debug|x86.ActiveCfg = Release|x64
		{C13A3621-E17B-1EAC-F555-BA0DD4C6EE0A}.Release|x64.ActiveCfg = Release|x64
		{C13A3621-E17B-1EAC-F555-BA0DD4C6EE0A}.Release|x86.ActiveCfg = Release|x64
		{8461FFEE-7426-409F-B360-DE60D8D4145B}.Debug|x64.ActiveCfg = Debug|x64
		{8461FFEE-7426-409F-B360-DE60D8D4145B}.Debug|x64.Build.0 = Debug|x64
		{8461FFEE-7426-409F-B360-DE60D8D4145B}.Debug|x86.ActiveCfg = Debug|Win32
		{8461FFEE-7426-409F-B360-DE60D8D4145B}.Debug|x86.Build.0 = Debug|Win32
		{8461FFEE-7426-409F-B360-DE60D8D4145B}.Release|x64.ActiveCfg = Release|x64
		{8461FFEE-7426-409F-B360-DE60D8D4145B}.Release|x64.Build.0 = Release|x64
		{8461FFEE-7426-409F-B360-DE60D8D4145B}.Release|x86.ActiveCfg = Release|Win32
		{8461FFEE-7426-409F-B360-DE60D8D4145B}.Release|x86.Build.0 = Release|Win32
		{A918A3F2-2C17-4645-8C19-8FE7DEAFB63E}.Debug|x64.ActiveCfg = Debug|x64
		{A918A3F2-2C17-4645-8C19-8FE7DEAFB63E}.Debug|x64.Build.0 = Debug|x64
		{A918A3F2-2C17-4645-8C19-8FE7DEAFB63E}.Debug|x86.ActiveCfg = Debug|Win32
		{A918A3F2-2C17-4645-8C19-8FE7DEAFB63E}.Debug|x86.Build.0 = Debug|Win32
		{A918A3F2-2C17-4645-8C19-8FE7DEAFB63E}.Release|x64.ActiveCfg = Release|x64
		{A918A3F2-2C17-4645-8C19-8FE7DEAFB63E}.Release|x64.Build.0 = Release|x64
		{A918A3F2-2C17-4645-8C19-8FE7DEAFB63E}.Release|x86.ActiveCfg = Release|Win32
		{A918A3F2-2C17-4645-8C19-8FE7DEAFB63E}.Release|x86.Build.0 = Release|Win32
		{0669C23E-50C3-478F-AB67-1EC1AB1DDF4C}.Debug|x64.ActiveCfg = Debug|x64
		{0669C23E-50C3-478F-AB67-1EC1AB1DDF4C}.Debug|x64.Build.0 = Debug|x64
		{0669C23E-50C3-478F-AB67-1EC1AB1DDF4C}.Debug|x86.ActiveCfg = Debug|Win32
		{0669C23E-50C3-478F-AB67-1EC1AB1DDF4C}.Debug|x86.Build.0 = Debug|Win32
		{0669C23E-50C3-478F-AB67-1EC1AB1DDF4C}.Release|x64.ActiveCfg = Release|x64
		{0669C23E-50C3-478F-AB67-1EC1AB1DDF4C}.Release|x64.Build.0 = Release|x64
		{0669C23E-50C3-478F-AB67-1EC1AB1DDF4C}.Release|x86.ActiveCfg = Release|Win32
		{0669C23E-50C3-478F-AB67-1EC1AB1DDF4C}.Release|x86.Build.0 = Release|Win32
		{EE3B21D6-A6C1-4DA8-A402-0EB7D6638B48}.Debug|x64.ActiveCfg = Debug|x64
		{EE3B21D6-A6C1-4DA8-A402-0EB7D6638B48}.Debug|x64.Build.0 = Debug|x64
		{EE3B21D6-A6C1-4DA8-A402-0EB7D6638B48}.Debug|x86.ActiveCfg = Debug|Win32
		{EE3B21D6-A6C1-4DA8-A402-0EB7D6638B48}.Debug|x86.Build.0 = Debug|Win32
		{EE3B21D6-A6C1-4DA8-A402-0EB7D6638B48}.Release|x64.ActiveCfg = Release|x64
		{EE3B21D6-A6C1-4DA8-A402-0EB7D6638B48}.Release|x64.Build.0 = Release|x64
		{EE3B21D6-A6C1-4DA8-A402-0EB7D6638B48}.Release|x86.ActiveCfg = Release|Win32
		{EE3B21D6-A6C1-4DA8-A402-0EB7D6638B48}.Release|x86.Build.0 = Release|Win32
		{63E8A9E8-04A2-470D-B10C-8F6C51AC6F93}.Debug|x64.ActiveCfg = Debug|x64
		{63E8A9E8-04A2-470D-B10C-8F6C51AC6F93}.Debug|x64.Build.0 = Debug|x64
		{63E8A9E8-04A2-470D-B10C-8F6C51AC6F93}.Debug|x86.ActiveCfg = Debug|Win32
		{63E8A9E8-04A2-470D-B10C-8F6C51AC6F93}.Debug|x86.Build.0 = Debug|Win32
		{63E8A9E8-04A2-470D-B10C-8F6C51AC6F93}.Release|x64.ActiveCfg = Release|x64
		{63E8A9E8-04A2-470D-B10C-8F6C51AC6F93}.Release|x64.Build.0 = Release|x64
		{63E8A9E8-04A2-470D-B10C-8F6C51AC6F93}.Release|x86.ActiveCfg = Release|Win32
		{63E8A9E8-04A2-470D-B10C-8F6C51AC6F93}.Release|x86.Build.0 = Release|Win32
		{E376C54B-D9B4-4540-93B1-B7F5E1C090D8}.Debug|x64.ActiveCfg = Debug|x64
		{E376C54B-D9B4-4540-93B1-B7F5E1C090D8}.Debug|x64.Build.0 = Debug|x64
		{E376C54B-D9B4-4540-93B1-B7F5E1C090D8}.Debug|x86.ActiveCfg = Debug|Win32
		{E376C54B-D9B4-4540-93B1-B7F5E1C090D8}.Debug|x86.Build.0 = Debug|Win32
		{E376C54B-D9B4-4540-93B1-B7F5E1C090D8}.Release|x64.ActiveCfg = Release|x64
		{E376C54B-D9B4-4540-93B1-B7F5E1C090D8}.Release|x64.Build.0 = Release|x64
		{E376C54B-D9B4-4540-93B1-B7F5E1C090D8}.Release|x86.ActiveCfg = Release|Win32
		{E376C54B-D9B4-4540-93B1-B7F5E1C090D8}.Release|x86.Build.0 = Release|Win32
		{691C05F6-579A-4F39-9975-F81B2CA8E7CC}.Debug|x64.ActiveCfg = Debug|x64
		{691C05F6-579A-4F39-9975-F81B2CA8E7CC}.Debug|x64.Build.0 = Debug|x64
		{691C05F6-579A-4F39-9975-F81B2CA8E7CC}.Debug|x86.ActiveCfg = Debug|Win32
		{691C05F6-579A-4F39-9975-F81B2CA8E7CC}.Debug|x86.Build.0 = Debug|Win32
		{691C05F6-579A-4F39-9975-F81B2CA8E7CC}.Release|x64.ActiveCfg = Release|x64
		{691C05F6-579A-4F39-9975-F81B2CA8E7CC}.Release|x64.Build.0 = Release|x64
		{691C05F6-579A-4F39-9975-F81B2CA8E7CC}.Release|x86.ActiveCfg = Release|Win32
		{691C05F6-579A-4F39-9975-F81B2CA8E7CC}.Release|x86.Build.0 = Release|Win32
		{994B936D-B40B-4E33-B77D-99FA27351134}.Debug|x64.ActiveCfg = Debug|x64
		{994B936D-B40B-4E33-B77D-99FA27351134}.Debug|x64.Build.0 = Debug|x64
		{994B936D-B40B-4E33-B77D-99FA27351134}.Debug|x86.ActiveCfg = Debug|Win32
		{994B936D-B40B-4E33-B77D-99FA27351134}.Debug|x86.Build.0 = Debug|Win32
		{994B936D-B40B-4E33-B77D-99FA27351134}.Release|x64.ActiveCfg = Release|x64
		{994B936D-B40B-4E33-B77D-99FA27351134}.Release|x64.Build.0 = Release|x64
		{994B936D-B40B-4E33-B77D-99FA27351134}.Release|x86.ActiveCfg = Release|Win32
		{994B936D-B40B-4E33-B77D-99FA27351134}.Release|x86.Build.0 = Release|Win32
		{DD472B0C-770E-45DD-9769-3BC0CFAB1101}.Debug|x64.ActiveCfg = Debug|x64
		{DD472B0C-770E-45DD-9769-3BC0CFAB1101}.Debug|x64.Build.0 = Debug|x64
		{DD472B0C-770E-45DD-9769-3BC0CFAB1101}.Debug|x86.ActiveCfg = Debug|Win32
		{DD472B0C-770E-45DD-9769-3BC0CFAB1101}.Debug|x86.Build.0 = Debug|Win32
		{DD472B0C-770E-45DD-9769-3BC0CFAB1101}.Release|x64.ActiveCfg = Release|x64
		{DD472B0C-770E-45DD-9769-3BC0CFAB1101}.Release|x64.Build.0 = Release|x64
		{DD472B0C-770E-45DD-9769-3BC0CFAB1101}.Release|x86.ActiveCfg = Release|Win32
		{DD472B0C-770E-45DD-9769-3BC0CFAB1101}.Release|x86.Build.0 = Release|Win32
		{63C75E0F-23D7-401A-BBD4-FDB52B387572}.Debug|x64.ActiveCfg = Debug|x64
		{63C75E0F-23D7-401A-BBD4-FDB52B387572}.Debug|x64.Build.0 = Debug|x64
		{63C75E0F-23D7-401A-BBD4-FDB52B387572}.Debug|x86.ActiveCfg = Debug|Win32
		{63C75E0F-23D7-401A-BBD4-FDB52B387572}.Debug|x86.Build.0 = Debug|Win32
		{63C75E0F-23D7-401A-BBD4-FDB52B387572}.Release|x64.ActiveCfg = Release|x64
		{63C75E0F-23D7-401A-BBD4-FDB52B387572}.Release|x64.Build.0 = Release|x64
		{63C75E0F-23D7-401A-BBD4-FDB52B387572}.Release|x86.ActiveCfg = Release|Win32
		{63C75E0F-23D7-401A-BBD4-FDB52B387572}.Release|x86.Build.0 = Release|Win32
		{A441B9BA-4CF4-4D8C-BDD3-5FE795655721}.Debug|x64.ActiveCfg = Debug|x64
		{A441B9BA-4CF4-4D8C-BDD3-5FE795655721}.Debug|x64.Build.0 = Debug|x64
		{A441B9BA-4CF4-4D8C-BDD3-5FE795655721}.Debug|x86.ActiveCfg = Debug|Win32
		{A441B9BA-4CF4-4D8C-BDD3-5FE795655721}.Debug|x86.Build.0 = Debug|Win32
		{A441B9BA-4CF4-4D8C-BDD3-5FE795655721}.Release|x64.ActiveCfg = Release|x64
		{A441B9BA-4CF4-4D8C-BDD3-5FE795655721}.Release|x64.Build.0 = Release|x64
		{A441B9BA-4CF4-4D8C-BDD3-5FE795655721}.Release|x86.ActiveCfg = Release|Win32
		{A441B9BA-4CF4-4D8C-BDD3-5FE795655721}.Release|x86.Build.0 = Release|Win32
		{5219F31E-87C5-4D14-91F8-12515E2F78D0}.Debug|x64.ActiveCfg = Debug|x64
		{5219F31E-87C5-4D14-91F8-12515E2F78D0}.Debug|x64.Build.0 = Debug|x64
		{5219F31E-87C5-4D14-91F8-12515E2F78D0}.Debug|x86.ActiveCfg = Debug|Win32
		{5219F31E-87C5-4D14-91F8-12515E2F78D0}.Debug|x86.Build.0 = Debug|Win32
		{5219F31E-87C5-4D14-91F8-12515E2F78D0}.Release|x64.ActiveCfg = Release|x64
		{5219F31E-87C5-4D14-91F8-12515E2F78D0}.Release|x64.Build.0 = Release|x64
		{5219F31E-87C5-4D14-91F8-12515E2F78D0}.Release|x86.ActiveCfg = Release|Win32
		{5219F31E-87C5-4D14-91F8-12515E2F78D0}.Release|x86.Build.0 = Release|Win32
		{9EFEFF44-BB20-43C7-AE53-BBBDF950CC22}.Debug|x64.ActiveCfg = Debug|x64
		{9EFEFF44-BB20-43C7-AE53-BBBDF950CC22}.Debug|x64.Build.0 = Debug|x64
		{9EFEFF44-BB20-43C7-AE53-BBBDF950CC22}.Debug|x86.ActiveCfg = Debug|Win32
		{9EFEFF44-BB20-43C7-AE53-BBBDF950CC22}.Debug|x86.Build.0 = Debug|Win32
		{9EFEFF44-BB20-43C7-AE53-BBBDF950CC22}.Release|x64.ActiveCfg = Release|x64
		{9EFEFF44-BB20-43C7-AE53-BBBDF950CC22}.Release|x64.Build.0 = Release|x64
		{9EFEFF44-BB20-43C7-AE53-BBBDF950CC22}.Release|x86.ActiveCfg = Release|Win32
		{9EFEFF44-BB20-43C7-AE53-BBBDF950CC22}.Release|x86.Build.0 = Release|Win32
		{21CD65BB-EFCD-4B08-9E8A-068AFCF6390D}.Debug|x64.ActiveCfg = Debug|x64
		{21CD65BB-EFCD-4B08-9E8A-068AFCF6390D}.Debug|x64.Build.0 = Debug|x64
		{21CD65BB-EFCD-4B08-9E8A-068AFCF6390D}.Debug|x86.ActiveCfg = Debug|Win32
		{21CD65BB-EFCD-4B08-9E8A-068AFCF6390D}.Debug|x86.Build.0 = Debug|Win32
		{21CD65BB-EFCD-4B08-9E8A-068AFCF6390D}.Release|x64.ActiveCfg = Release|x64
		{21CD65BB-EFCD-4B08-9E8A-068AFCF6390D}.Release|x64.Build.0 = Release|x64
		{21CD65BB-EFCD-4B08-9E8A-068AFCF6390D}.Release|x86.ActiveCfg = Release|Win32
		{21CD65BB-EFCD-4B08-9E8A-068AFCF6390D}.Release|x86.Build.0 = Release|Win32
		{57F35EA9-0EB9-4511-BF48-5D4103C66A83}.Debug|x64.ActiveCfg = Debug|x64
		{57F35EA9-0EB9-4511-BF48-5D4103C66A83}.Debug|x64.Build.0 = Debug|x64
		{57F35EA9-0EB9-4511-BF48-5D4103C66A83}.Debug|x86.ActiveCfg = Debug|Win32
		{57F35EA9-0EB9-4511-BF48-5D4103C66A83}.Debug|x86.Build.0 = Debug|Win32
		{57F35EA9-0EB9-4511-BF48-5D4103C66A83}.Release|x64.ActiveCfg = Release|x64
		{57F35EA9-0EB9-4511-BF48-5D4103C66A83}.Release|x64.Build.0 = Release|x64
		{57F35EA9-0EB9-4511-BF48-5D4103C66A83}.Release|x86.ActiveCfg = Release|Win32
		{57F35EA9-0EB9-4511-BF48-5D4103C66A83}.Release|x86.Build.0 = Release|Win32
		{F93FA692-8294-42B6-8363-50E730D8CB11}.Debug|x64.ActiveCfg = Debug|x64
		{F93FA692-8294-42B6-8363-50E730D8CB11}.Debug|x64.Build.0 = Debug|x64
		{F93FA692-8294-42B6-8363-50E730D8CB11}.Debug|x86.ActiveCfg = Debug|Win32
		{F93FA692-8294-42B6-8363-50E730D8CB11}.Debug|x86.Build.0 = Debug|Win32
		{F93FA692-8294-42B6-8363-50E730D8CB11}.Release|x64.ActiveCfg = Release|x64
		{F93FA692-8294-42B6-8363-50E730D8CB11}.Release|x64.Build.0 = Release|x64
		{F93FA692-8294-42B6-8363-50E730D8CB11}.Release|x86.ActiveCfg = Release|Win32
		{F93FA692-8294-42B6-8363-50E730D8CB11}.Release|x86.Build.0 = Release|Win32
		{EFCE45FA-379A-4BEE-90CC-C1288D124C48}.Debug|x64.ActiveCfg = Debug|x64
		{EFCE45FA-379A-4BEE-90CC-C1288D124C48}.Debug|x64.Build.0 = Debug|x64
		{EFCE45FA-379A-4BEE-90CC-C1288D124C48}.Debug|x86.ActiveCfg = Debug|Win32
		{EFCE45FA-379A-4BEE-90CC-C1288D124C48}.Debug|x86.Build.0 = Debug|Win32
		{EFCE45FA-379A-4BEE-90CC-C1288D124C48}.Release|x64.ActiveCfg = Release|x64
		{EFCE45FA-379A-4BEE-90CC-C1288D124C48}.Release|x64.Build.0 = Release|x64
		{EFCE45FA-379A-4BEE-90CC-C1288D124C48}.Release|x86.ActiveCfg = Release|Win32
		{EFCE45FA-379A-4BEE-90CC-C1288D124C48}.Release|x86.Build.0 = Release|Win32
		{8B2700E4-0D2F-4365-BEC8-1ABFB2BE0EBE}.Debug|x64.ActiveCfg = Debug|x64
		{8B2700E4-0D2F-4365-BEC8-1ABFB2BE0EBE}.Debug|x64.Build.0 = Debug|x64
		{8B2700E4-0D2F-4365-BEC8-1ABFB2BE0EBE}.Debug|x86.ActiveCfg = Debug|Win32
		{8B2700E4-0D2F-4365-BEC8-1ABFB2BE0EBE}.Debug|x86.Build.0 = Debug|Win32
		{8B2700E4-0D2F-4365-BEC8-1ABFB2BE0EBE}.Release|x64.ActiveCfg = Release|x64
		{8B2700E4-0D2F-4365-BEC8-1ABFB2BE0EBE}.Release|x64.Build.0 = Release|x64
		{8B2700E4-0D2F-4365-BEC8-1ABFB2BE0EBE}.Release|x86.ActiveCfg = Release|Win32
		{8B2700E4-0D2F-4365-BEC8-1ABFB2BE0EBE}.Release|x86.Build.0 = Release|Win32
		{A8AF1D24-66AA-4DA8-9DDB-3117FB02C132}.Debug|x64.ActiveCfg = Debug|x64
		{A8AF1D24-66AA-4DA8-9DDB-3117FB02C132}.Debug|x64.Build.0 = Debug|x64
		{A8AF1D24-66AA-4DA8-9DDB-3117FB02C132}.Debug|x86.ActiveCfg = Debug|Win32
		{A8AF1D24-66AA-4DA8-9DDB-3117FB02C132}.Debug|x86.Build.0 = Debug|Win32
		{A8AF1D24-66AA-4DA8-9DDB-3117FB02C132}.Release|x64.ActiveCfg = Release|x64
		{A8AF1D24-66AA-4DA8-9DDB-3117FB02C132}.Release|x64.Build.0 = Release|x64
		{A8AF1D24-66AA-4DA8-9DDB-3117FB02C132}.Release|x86.ActiveCfg = Release|Win32
		{A8AF1D24-66AA-4DA8-9DDB-3117FB02C132}.Release|x86.Build.0 = Release|Win32
		{F7670F13-1D6C-43EF-A8AE-070FF07F1188}.Debug|x64.ActiveCfg = Debug|x64
		{F7670F13-1D6C-43EF-A8AE-070FF07F1188}.Debug|x64.Build.0 = Debug|x64
		{F7670F13-1D6C-43EF-A8AE-070FF07F1188}.Debug|x86.ActiveCfg = Debug|Win32
		{F7670F13-1D6C-43EF-A8AE-070FF07F1188}.Debug|x86.Build.0 = Debug|Win32
		{F7670F13-1D6C-43EF-A8AE-070FF07F1188}.Release|x64.ActiveCfg = Release|x64
		{F7670F13-1D6C-43EF-A8AE-070FF07F1188}.Release|x64.Build.0 = Release|x64
		{F7670F13-1D6C-43EF-A8AE-070FF07F1188}.Release|x86.ActiveCfg = Release|Win32
		{F7670F13-1D6C-43EF-A8AE-070FF07F1188}.Release|x86.Build.0 = Release|Win32
		{3BFD02C0-561E-4C73-9D6F-3498DB04EF3D}.Debug|x64.ActiveCfg = Debug|x64
		{3BFD02C0-561E-4C73-9D6F-3498DB04EF3D}.Debug|x64.Build.0 = Debug|x64
		{3BFD02C0-561E-4C73-9D6F-3498DB04EF3D}.Debug|x86.ActiveCfg = Debug|Win32
		{3BFD02C0-561E-4C73-9D6F-3498DB04EF3D}.Debug|x86.Build.0 = Debug|Win32
		{3BFD02C0-561E-4C73-9D6F-3498DB04EF3D}.Release|x64.ActiveCfg = Release|x64
		{3BFD02C0-561E-4C73-9D6F-3498DB04EF3D}.Release|x64.Build.0 = Release|x64
		{3BFD02C0-561E-4C73-9D6F-3498DB04EF3D}.Release|x86.ActiveCfg = Release|Win32
		{3BFD02C0-561E-4C73-9D6F-3498DB04EF3D}.Release|x86.Build.0 = Release|Win32
		{E052D780-F5BD-404D-B83F-E7CB85632C47}.Debug|x64.ActiveCfg = Debug|x64
		{E052D780-F5BD-404D-B83F-E7CB85632C47}.Debug|x64.Build.0 = Debug|x64
		{E052D780-F5BD-404D-B83F-E7CB85632C47}.Debug|x86.ActiveCfg = Debug|Win32
		{E052D780-F5BD-404D-B83F-E7CB85632C47}.Debug|x86.Build.0 = Debug|Win32
		{E052D780-F5BD-404D-B83F-E7CB85632C47}.Release|x64.ActiveCfg = Release|x64
		{E052D780-F5BD-404D-B83F-E7CB85632C47}.Release|x64.Build.0 = Release|x64
		{E052D780-F5BD-404D-B83F-E7CB85632C47}.Release|x86.ActiveCfg = Release|Win32
		{E052D780-F5BD-404D-B83F-E7CB85632C47}.Release|x86.Build.0 = Release|Win32
		{638F0510-7CED-49C8-8CB4-45B48B4C0B80}.Debug|x64.ActiveCfg = Debug|x64
		{638F0510-7CED-49C8-8CB4-45B48B4C0B80}.Debug|x64.Build.0 = Debug|x64
		{638F0510-7CED-49C8-8CB4-45B48B4C0B80}.Debug|x86.ActiveCfg = Debug|Win32
		{638F0510-7CED-49C8-8CB4-45B48B4C0B80}.Debug|x86.Build.0 = Debug|Win32
		{638F0510-7CED-49C8-8CB4-45B48B4C0B80}.Release|x64.ActiveCfg = Release|x64
		{638F0510-7CED-49C8-8CB4-45B48B4C0B80}.Release|x64.Build.0 = Release|x64
		{638F0510-7CED-49C8-8CB4-45B48B4C0B80}.Release|x86.ActiveCfg = Release|Win32
		{638F0510-7CED-49C8-8CB4-45B48B4C0B80}.Release|x86.Build.0 = Release|Win32
		{ABF9286F-0F25-47DA-922A-DA20CAF22252}.Debug|x64.ActiveCfg = Debug|x64
		{ABF9286F-0F25-47DA-922A-DA20CAF22252}.Debug|x64.Build.0 = Debug|x64
		{ABF9286F-0F25-47DA-922A-DA20CAF22252}.Debug|x86.ActiveCfg = Debug|Win32
		{ABF9286F-0F25-47DA-922A-DA20CAF22252}.Debug|x86.Build.0 = Debug|Win32
		{ABF9286F-0F25-47DA-922A-DA20CAF22252}.Release|x64.ActiveCfg = Release|x64
		{ABF9286F-0F25-47DA-922A-DA20CAF22252}.Release|x64.Build.0 = Release|x64
		{ABF9286F-0F25-47DA-922A-DA20CAF22252}.Release|x86.ActiveCfg = Release|Win32
		{ABF9286F-0F25-47DA-922A-DA20CAF22252}.Release|x86.Build.0 = Release|Win32
		{E6C6FDB3-E219-4203-8981-291C1709E8DA}.Debug|x64.ActiveCfg = Debug|x64
		{E6C6FDB3-E219-4203-8981-291C1709E8DA}.Debug|x64.Build.0 = Debug|x64
		{E6C6FDB3-E219-4203-8981-291C1709E8DA}.Debug|x86.ActiveCfg = Debug|Win32
		{E6C6FDB3-E219-4203-8981-291C1709E8DA}.Debug|x86.Build.0 = Debug|Win32
		{E6C6FDB3-E219-4203-8981-291C1709E8DA}.Release|x64.ActiveCfg = Release|x64
		{E6C6FDB3-E219-4203-8981-291C1709E8DA}.Release|x64.Build.0 = Release|x64
		{E6C6FDB3-E219-4203-8981-291C1709E8DA}.Release|x86.ActiveCfg = Release|Win32
		{E6C6FDB3-E219-4203-8981-291C1709E8DA}.Release|x86.Build.0 = Release|Win32
		{029C4FC5-75E8-4A18-A182-1BB48F1BE1DC}.Debug|x64.ActiveCfg = Debug|x64
		{029C4FC5-75E8-4A18-A182-1BB48F1BE1DC}.Debug|x64.Build.0 = Debug|x64
		{029C4FC5-75E8-4A18-A182-1BB48F1BE1DC}.Debug|x86.ActiveCfg = Debug|Win32
		{029C4FC5-75E8-4A18-A182-1BB48F1BE1DC}.Debug|x86.Build.0 = Debug|Win32
		{029C4FC5-75E8-4A18-A182-1BB48F1BE1DC}.Release|x64.ActiveCfg = Release|x64
		{029C4FC5-75E8-4A18-A182-1BB48F1BE1DC}.Release|x64.Build.0 = Release|x64
		{029C4FC5-75E8-4A18-A182-1BB48F1BE1DC}.Release|x86.ActiveCfg = Release|Win32
		{029C4FC5-75E8-4A18-A182-1BB48F1BE1DC}.Release|x86.Build.0 = Release|Win32
		{323CF20E-3F7F-4A32-9DB9-031504CDDA1F}.Debug|x64.ActiveCfg = Debug|x64
		{323CF20E-3F7F-4A32-9DB9-031504CDDA1F}.Debug|x64.Build.0 = Debug|x64
		{323CF20E-3F7F-4A32-9DB9-031504CDDA1F}.Debug|x86.ActiveCfg = Debug|Win32
		{323CF20E-3F7F-4A32-9DB9-031504CDDA1F}.Debug|x86.Build.0 = Debug|Win32
		{323CF20E-3F7F-4A32-9DB9-031504CDDA1F}.Release|x64.ActiveCfg = Release|x64
		{323CF20E-3F7F-4A32-9DB9-031504CDDA1F}.Release|x64.Build.0 = Release|x64
		{323CF20E-3F7F-4A32-9DB9-031504CDDA1F}.Release|x86.ActiveCfg = Release|Win32
		{323CF20E-3F7F-4A32-9DB9-031504CDDA1F}.Release|x86.Build.0 = Release|Win32
		{0129AD65-A425-417B-9D56-DF1A6E500499}.Debug|x64.ActiveCfg = Debug|x64
		{0129AD65-A425-417B-9D56-DF1A6E500499}.Debug|x64.Build.0 = Debug|x64
		{0129AD65-A425-417B-9D56-DF1A6E500499}.Debug|x86.ActiveCfg = Debug|Win32
		{0129AD65-A425-417B-9D56-DF1A6E500499}.Debug|x86.Build.0 = Debug|Win32
		{0129AD65-A425-417B-9D56-DF1A6E500499}.Release|x64.ActiveCfg = Release|x64
		{0129AD65-A425-417B-9D56-DF1A6E500499}.Release|x64.Build.0 = Release|x64
		{0129AD65-A425-417B-9D56-DF1A6E500499}.Release|x86.ActiveCfg = Release|Win32
		{0129AD65-A425-417B-9D56-DF1A6E500499}.Release|x86.Build.0 = Release|Win32
		{C0C2312F-3658-4710-8FCC-017A0CBB31E7}.Debug|x64.ActiveCfg = Debug|x64
		{C0C2312F-3658-4710-8FCC-017A0CBB31E7}.Debug|x64.Build.0 = Debug|x64
		{C0C2312F-3658-4710-8FCC-017A0CBB31E7}.Debug|x86.ActiveCfg = Debug|Win32
		{C0C2312F-3658-4710-8FCC-017A0CBB31E7}.Debug|x86.Build.0 = Debug|Win32
		{C0C2312F-3658-4710-8FCC-017A0CBB31E7}.Release|x64.ActiveCfg = Release|x64
		{C0C2312F-3658-4710-8FCC-017A0CBB31E7}.Release|x64.Build.0 = Release|x64
		{C0C2312F-3658-4710-8FCC-017A0CBB31E7}.Release|x86.ActiveCfg = Release|Win32
		{C0C2312F-3658-4710-8FCC-017A0CBB31E7}.Release|x86.Build.0 = Release|Win32
		{26F9BDE7-24FC-4AF0-A69F-299C9EE84120}.Debug|x64.ActiveCfg = Debug|x64
		{26F9BDE7-24FC-4AF0-A69F-299C9EE84120}.Debug|x64.Build.0 = Debug|x64
		{26F9BDE7-24FC-4AF0-A69F-299C9EE84120}.Debug|x86.ActiveCfg = Debug|Win32
		{26F9BDE7-24FC-4AF0-A69F-299C9EE84120}.Debug|x86.Build.0 = Debug|Win32
		{26F9BDE7-24FC-4AF0-A69F-299C9EE84120}.Release|x64.ActiveCfg = Release|x64
		{26F9BDE7-24FC-4AF0-A69F-299C9EE84120}.Release|x64.Build.0 = Release|x64
		{26F9BDE7-24FC-4AF0-A69F-299C9EE84120}.Release|x86.ActiveCfg = Release|Win32
		{26F9BDE7-24FC-4AF0-A69F-299C9EE84120}.Release|x86.Build.0 = Release|Win32
		{61B7ECA2-DCDE-4CDB-B506-2CE194E31034}.Debug|x64.ActiveCfg = Debug|x64
		{61B7ECA2-DCDE-4CDB-B506-2CE194E31034}.Debug|x64.Build.0 = Debug|x64
		{61B7ECA2-DCDE-4CDB-B506-2CE194E31034}.Debug|x86.ActiveCfg = Debug|Win32
		{61B7ECA2-DCDE-4CDB-B506-2CE194E31034}.Debug|x86.Build.0 = Debug|Win32
		{61B7ECA2-DCDE-4CDB-B506-2CE194E31034}.Release|x64.ActiveCfg = Release|x64
		{61B7ECA2-DCDE-4CDB-B506-2CE194E31034}.Release|x64.Build.0 = Release|x64
		{61B7ECA2-DCDE-4CDB-B506-2CE194E31034}.Release|x86.ActiveCfg = Release|Win32
		{61B7ECA2-DCDE-4CDB-B506-2CE194E31034}.Release|x86.Build.0 = Release|Win32
		{A055099A-2CC7-4E69-97E6-55F4A493C05C}.Debug|x64.ActiveCfg = Debug|x64
		{A055099A-2CC7-4E69-97E6-55F4A493C05C}.Debug|x64.Build.0 = Debug|x64
		{A055099A-2CC7-4E69-97E6-55F4A493C05C}.Debug|x86.ActiveCfg = Debug|Win32
		{A055099A-2CC7-4E69-97E6-55F4A493C05C}.Debug|x86.Build.0 = Debug|Win32
		{A055099A-2CC7-4E69-97E6-55F4A493C05C}.Release|x64.ActiveCfg = Release|x64
		{A055099A-2CC7-4E69-97E6-55F4A493C05C}.Release|x64.Build.0 = Release|x64
		{A055099A-2CC7-4E69-97E6-55F4A493C05C}.Release|x86.ActiveCfg = Release|Win32
		{A055099A-2CC7-4E69-97E6-55F4A493C05C}.Release|x86.Build.0 = Release|Win32
		{BB3CA996-6CEC-48CA-8959-16C4127E19C0}.Debug|x64.ActiveCfg = Debug|x64
		{BB3CA996-6CEC-48CA-8959-16C4127E19C0}.Debug|x64.Build.0 = Debug|x64
		{BB3CA996-6CEC-48CA-8959-16C4127E19C0}.Debug|x86.ActiveCfg = Debug|Win32
		{BB3CA996-6CEC-48CA-8959-16C4127E19C0}.Debug|x86.Build.0 = Debug|Win32
		{BB3CA996-6CEC-48CA-8959-16C4127E19C0}.Release|x64.ActiveCfg = Release|x64
		{BB3CA996-6CEC-48CA-8959-16C4127E19C0}.Release|x64.Build.0 = Release|x64
		{BB3CA996-6CEC-48CA-8959-16C4127E19C0}.Release|x86.ActiveCfg = Release|Win32
		{BB3CA996-6CEC-48CA-8959-16C4127E19C0}.Release|x86.Build.0 = Release|Win32
		{A02D0A2B-CFEC-4A0B-9FA7-3BB57762B33B}.Debug|x64.ActiveCfg = Debug|x64
		{A02D0A2B-CFEC-4A0B-9FA7-3BB57762B33B}.Debug|x64.Build.0 = Debug|x64
		{A02D0A2B-CFEC-4A0B-9FA7-3BB57762B33B}.Debug|x86.ActiveCfg = Debug|Win32
		{A02D0A2B-CFEC-4A0B-9FA7-3BB57762B33B}.Debug|x86.Build.0 = Debug|Win32
		{A02D0A2B-CFEC-4A0B-9FA7-3BB57762B33B}.Release|x64.ActiveCfg = Release|x64
		{A02D0A2B-CFEC-4A0B-9FA7-3BB57762B33B}.Release|x64.Build.0 = Release|x64
		{A02D0A2B-CFEC-4A0B-9FA7-3BB57762B33B}.Release|x86.ActiveCfg = Release|Win32
		{A02D0A2B-CFEC-4A0B-9FA7-3BB57762B33B}.Release|x86.Build.0 = Release|Win32
		{ADFDAA05-677D-46A1-ABF8-FDE3ACE35EE1}.Debug|x64.ActiveCfg = Debug|x64
		{ADFDAA05-677D-46A1-ABF8-FDE3ACE35EE1}.Debug|x64.Build.0 = Debug|x64
		{ADFDAA05-677D-46A1-ABF8-FDE3ACE35EE1}.Debug|x86.ActiveCfg = Debug|Win32
		{ADFDAA05-677D-46A1-ABF8-FDE3ACE35EE1}.Debug|x86.Build.0 = Debug|Win32
		{ADFDAA05-677D-46A1-ABF8-FDE3ACE35EE1}.Release|x64.ActiveCfg = Release|x64
		{ADFDAA05-677D-46A1-ABF8-FDE3ACE35EE1}.Release|x64.Build.0 = Release|x64
		{ADFDAA05-677D-46A1-ABF8-FDE3ACE35EE1}.Release|x86.ActiveCfg = Release|Win32
		{ADFDAA05-677D-46A1-ABF8-FDE3ACE35EE1}.Release|x86.Build.0 = Release|Win32
		{287F3CDD-620B-41CC-ABE9-D590BD999005}.Debug|x64.ActiveCfg = Debug|x64
		{287F3CDD-620B-41CC-ABE9-D590BD999005}.Debug|x64.Build.0 = Debug|x64
		{287F3CDD-620B-41CC-ABE9-D590BD999005}.Debug|x86.ActiveCfg = Debug|Win32
		{287F3CDD-620B-41CC-ABE9-D590BD999005}.Debug|x86.Build.0 = Debug|Win32
		{287F3CDD-620B-41CC-ABE9-D590BD999005}.Release|x64.ActiveCfg = Release|x64
		{287F3CDD-620B-41CC-ABE9-D590BD999005}.Release|x64.Build.0 = Release|x64
		{287F3CDD-620B-41CC-ABE9-D590BD999005}.Release|x86.ActiveCfg = Release|Win32
		{287F3CDD-620B-41CC-ABE9-D590BD999005}.Release|x86.Build.0 = Release|Win32
		{1BE0D844-5A45-41B6-90A6-9B95C9B1A241}.Debug|x64.ActiveCfg = Debug|x64
		{1BE0D844-5A45-41B6-90A6-9B95C9B1A241}.Debug|x64.Build.0 = Debug|x64
		{1BE0D844-5A45-41B6-90A6-9B95C9B1A241}.Debug|x86.ActiveCfg = Debug|Win32
		{1BE0D844-5A45-41B6-90A6-9B95C9B1A241}.Debug|x86.Build.0 = Debug|Win32
		{1BE0D844-5A45-41B6-90A6-9B95C9B1A241}.Release|x64.ActiveCfg = Release|x64
		{1BE0D844-5A45-41B6-90A6-9B95C9B1A241}.Release|x64.Build.0 = Release|x64
		{1BE0D844-5A45-41B6-90A6-9B95C9B1A241}.Release|x86.ActiveCfg = Release|Win32
		{1BE0D844-5A45-41B6-90A6-9B95C9B1A241}.Release|x86.Build.0 = Release|Win32
		{D9CDA6E7-D781-4A1A-8D57-CA9D9D28B01C}.Debug|x64.ActiveCfg = Debug|x64
		{D9CDA6E7-D781-4A1A-8D57-CA9D9D28B01C}.Debug|x64.Build.0 = Debug|x64
		{D9CDA6E7-D781-4A1A-8D57-CA9D9D28B01C}.Debug|x86.ActiveCfg = Debug|Win32
		{D9CDA6E7-D781-4A1A-8D57-CA9D9D28B01C}.Debug|x86.Build.0 = Debug|Win32
		{D9CDA6E7-D781-4A1A-8D57-CA9D9D28B01C}.Release|x64.ActiveCfg = Release|x64
		{D9CDA6E7-D781-4A1A-8D57-CA9D9D28B01C}.Release|x64.Build.0 = Release|x64
		{D9CDA6E7-D781-4A1A-8D57-CA9D9D28B01C}.Release|x86.ActiveCfg = Release|Win32
		{D9CDA6E7-D781-4A1A-8D57-CA9D9D28B01C}.Release|x86.Build.0 = Release|Win32
		{4A50B5C7-9581-4960-9F88-1CDFD9B3A177}.Debug|x64.ActiveCfg = Debug|x64
		{4A50B5C7-9581-4960-9F88-1CDFD9B3A177}.Debug|x64.Build.0 = Debug|x64
		{4A50B5C7-9581-4960-9F88-1CDFD9B3A177}.Debug|x86.ActiveCfg = Debug|Win32
		{4A50B5C7-9581-4960-9F88-1CDFD9B3A177}.Debug|x86.Build.0 = Debug|Win32
		{4A50B5C7-9581-4960-9F88-1CDFD9B3A177}.Release|x64.ActiveCfg = Release|x64
		{4A50B5C7-9581-4960-9F88-1CDFD9B3A177}.Release|x64.Build.0 = Release|x64
		{4A50B5C7-9581-4960-9F88-1CDFD9B3A177}.Release|x86.ActiveCfg = Release|Win32
		{4A50B5C7-9581-4960-9F88-1CDFD9B3A177}.Release|x86.Build.0 = Release|Win32
		{02779EC9-D44B-4FAA-A814-E8E777C59E8E}.Debug|x64.ActiveCfg = Debug|x64
		{02779EC9-D44B-4FAA-A814-E8E777C59E8E}.Debug|x64.Build.0 = Debug|x64
		{02779EC9-D44B-4FAA-A814-E8E777C59E8E}.Debug|x86.ActiveCfg = Debug|Win32
		{02779EC9-D44B-4FAA-A814-E8E777C59E8E}.Debug|x86.Build.0 = Debug|Win32
		{02779EC9-D44B-4FAA-A814-E8E777C59E8E}.Release|x64.ActiveCfg = Release|x64
		{02779EC9-D44B-4FAA-A814-E8E777C59E8E}.Release|x64.Build.0 = Release|x64
		{02779EC9-D44B-4FAA-A814-E8E777C59E8E}.Release|x86.ActiveCfg = Release|Win32
		{02779EC9-D44B-4FAA-A814-E8E777C59E8E}.Release|x86.Build.0 = Release|Win32
		{DAED73F3-5187-43F4-83ED-12D2A7F8A9C3}.Debug|x64.ActiveCfg = Debug|x64
		{DAED73F3-5187-43F4-83ED-12D2A7F8A9C3}.Debug|x64.Build.0 = Debug|x64
		{DAED73F3-5187-43F4-83ED-12D2A7F8A9C3}.Debug|x86.ActiveCfg = Debug|Win32
		{DAED73F3-5187-43F4-83ED-12D2A7F8A9C3}.Debug|x86.Build.0 = Debug|Win32
		{DAED73F3-5187-43F4-83ED-12D2A7F8A9C3}.Release|x64.ActiveCfg = Release|x64
		{DAED73F3-5187-43F4-83ED-12D2A7F8A9C3}.Release|x64.Build.0 = Release|x64
		{DAED73F3-5187-43F4-83ED-12D2A7F8A9C3}.Release|x86.ActiveCfg = Release|Win32
		{DAED73F3-5187-43F4-83ED-12D2A7F8A9C3}.Release|x86.Build.0 = Release|Win32
		{D030BE40-90F2-42B2-BF63-558BBDC66155}.Debug|x64.ActiveCfg = Debug|x64
		{D030BE40-90F2-42B2-BF63-558BBDC66155}.Debug|x64.Build.0 = Debug|x64
		{D030BE40-90F2-42B2-BF63-558BBDC66155}.Debug|x86.ActiveCfg = Debug|Win32
		{D030BE40-90F2-42B2-BF63-558BBDC66155}.Debug|x86.Build.0 = Debug|Win32
		{D030BE40-90F2-42B2-BF63-558BBDC66155}.Release|x64.ActiveCfg = Release|x64
		{D030BE40-90F2-42B2-BF63-558BBDC66155}.Release|x64.Build.0 = Release|x64
		{D030BE40-90F2-42B2-BF63-558BBDC66155}.Release|x86.ActiveCfg = Release|Win32
		{D030BE40-90F2-42B2-BF63-558BBDC66155}.Release|x86.Build.0 = Release|Win32
		{4B341E91-E005-4670-975B-B3F75EDD9CC2}.Debug|x64.ActiveCfg = Debug|x64
		{4B341E91-E005-4670-975B-B3F75EDD9CC2}.Debug|x64.Build.0 = Debug|x64
		{4B341E91-E005-4670-975B-B3F75EDD9CC2}.Debug|x86.ActiveCfg = Debug|Win32
		{4B341E91-E005-4670-975B-B3F75EDD9CC2}.Debug|x86.Build.0 = Debug|Win32
		{4B341E91-E005-4670-975B-B3F75EDD9CC2}.Release|x64.ActiveCfg = Release|x64
		{4B341E91-E005-4670-975B-B3F75EDD9CC2}.Release|x64.Build.0 = Release|x64
		{4B341E91-E005-4670-975B-B3F75EDD9CC2}.Release|x86.ActiveCfg = Release|Win32
		{4B341E91-E005-4670-975B-B3F75EDD9CC2}.Release|x86.Build.0 = Release|Win32
		{3CEBB45C-DC26-43B2-803D-FA045EEFF376}.Debug|x64.ActiveCfg = Debug|x64
		{3CEBB45C-DC26-43B2-803D-FA045EEFF376}.Debug|x64.Build.0 = Debug|x64
		{3CEBB45C-DC26-43B2-803D-FA045EEFF376}.Debug|x86.ActiveCfg = Debug|Win32
		{3CEBB45C-DC26-43B2-803D-FA045EEFF376}.Debug|x86.Build.0 = Debug|Win32
		{3CEBB45C-DC26-43B2-803D-FA045EEFF376}.Release|x64.ActiveCfg = Release|x64
		{3CEBB45C-DC26-43B2-803D-FA045EEFF376}.Release|x64.Build.0 = Release|x64
		{3CEBB45C-DC26-43B2-803D-FA045EEFF376}.Release|x86.ActiveCfg = Release|Win32
		{3CEBB45C-DC26-43B2-803D-FA045EEFF376}.Release|x86.Build.0 = Release|Win32
		{92FB1EF6-5487-434D-A8D1-1EACC4728F9C}.Debug|x64.ActiveCfg = Debug|x64
		{92FB1EF6-5487-434D-A8D1-1EACC4728F9C}.Debug|x64.Build.0 = Debug|x64
		{92FB1EF6-5487-434D-A8D1-1EACC4728F9C}.Debug|x86.ActiveCfg = Debug|Win32
		{92FB1EF6-5487-434D-A8D1-1EACC4728F9C}.Debug|x86.Build.0 = Debug|Win32
		{92FB1EF6-5487-434D-A8D1-1EACC4728F9C}.Release|x64.ActiveCfg = Release|x64
		{92FB1EF6-5487-434D-A8D1-1EACC4728F9C}.Release|x64.Build.0 = Release|x64
		{92FB1EF6-5487-434D-A8D1-1EACC4728F9C}.Release|x86.ActiveCfg = Release|Win32
		{92FB1EF6-5487-434D-A8D1-1EACC4728F9C}.Release|x86.Build.0 = Release|Win32
		{74CBD3CB-EA89-4F2B-BCA1-6DC84DFA3348}.Debug|x64.ActiveCfg = Debug|x64
		{74CBD3CB-EA89-4F2B-BCA1-6DC84DFA3348}.Debug|x64.Build.0 = Debug|x64
		{74CBD3CB-EA89-4F2B-BCA1-6DC84DFA3348}.Debug|x86.ActiveCfg = Debug|Win32
		{74CBD3CB-EA89-4F2B-BCA1-6DC84DFA3348}.Debug|x86.Build.0 = Debug|Win32
		{74CBD3CB-EA89-4F2B-BCA1-6DC84DFA3348}.Release|x64.ActiveCfg = Release|x64
		{74CBD3CB-EA89-4F2B-BCA1-6DC84DFA3348}.Release|x64.Build.0 = Release|x64
		{74CBD3CB-EA89-4F2B-BCA1-6DC84DFA3348}.Release|x86.ActiveCfg = Release|Win32
		{74CBD3CB-EA89-4F2B-BCA1-6DC84DFA3348}.Release|x86.Build.0 = Release|Win32
		{9D5B2D1C-7BCA-48D9-8F47-5A28ADD12BFD}.Debug|x64.ActiveCfg = Debug|x64
		{9D5B2D1C-7BCA-48D9-8F47-5A28ADD12BFD}.Debug|x64.Build.0 = Debug|x64
		{9D5B2D1C-7BCA-48D9-8F47-5A28ADD12BFD}.Debug|x86.ActiveCfg = Debug|Win32
		{9D5B2D1C-7BCA-48D9-8F47-5A28ADD12BFD}.Debug|x86.Build.0 = Debug|Win32
		{9D5B2D1C-7BCA-48D9-8F47-5A28ADD12BFD}.Release|x64.ActiveCfg = Release|x64
		{9D5B2D1C-7BCA-48D9-8F47-5A28ADD12BFD}.Release|x64.Build.0 = Release|x64
		{9D5B2D1C-7BCA-48D9-8F47-5A28ADD12BFD}.Release|x86.ActiveCfg = Release|Win32
		{9D5B2D1C-7BCA-48D9-8F47-5A28ADD12BFD}.Release|x86.Build.0 = Release|Win32
		{086B938B-EF8B-4244-9254-F0B00DAC2BFC}.Debug|x64.ActiveCfg = Debug|x64
		{086B938B-EF8B-4244-9254-F0B00DAC2BFC}.Debug|x64.Build.0 = Debug|x64
		{086B938B-EF8B-4244-9254-F0B00DAC2BFC}.Debug|x86.ActiveCfg = Debug|Win32
		{086B938B-EF8B-4244-9254-F0B00DAC2BFC}.Debug|x86.Build.0 = Debug|Win32
		{086B938B-EF8B-4244-9254-F0B00DAC2BFC}.Release|x64.ActiveCfg = Release|x64
		{086B938B-EF8B-4244-9254-F0B00DAC2BFC}.Release|x64.Build.0 = Release|x64
		{086B938B-EF8B-4244-9254-F0B00DAC2BFC}.Release|x86.ActiveCfg = Release|Win32
		{086B938B-EF8B-4244-9254-F0B00DAC2BFC}.Release|x86.Build.0 = Release|Win32
		{AE29438F-8446-44FF-9F80-0013256A414C}.Debug|x64.ActiveCfg = Debug|x64
		{AE29438F-8446-44FF-9F80-0013256A414C}.Debug|x64.Build.0 = Debug|x64
		{AE29438F-8446-44FF-9F80-0013256A414C}.Debug|x86.ActiveCfg = Debug|Win32
		{AE29438F-8446-44FF-9F80-0013256A414C}.Debug|x86.Build.0 = Debug|Win32
		{AE29438F-8446-44FF-9F80-0013256A414C}.Release|x64.ActiveCfg = Release|x64
		{AE29438F-8446-44FF-9F80-0013256A414C}.Release|x64.Build.0 = Release|x64
		{AE29438F-8446-44FF-9F80-0013256A414C}.Release|x86.ActiveCfg = Release|Win32
		{AE29438F-8446-44FF-9F80-0013256A414C}.Release|x86.Build.0 = Release|Win32
	EndGlobalSection
	GlobalSection(SolutionProperties) = preSolution
		HideSolutionNode = FALSE
	EndGlobalSection
	GlobalSection(ExtensibilityGlobals) = postSolution
		SolutionGuid = {16A203C0-F781-4828-BF37-EB7C02C38697}
	EndGlobalSection
EndGlobal
